
Microsoft Visual Studio Solution File, Format Version 12.00
# Visual Studio 14
VisualStudioVersion = 14.0.25420.1
MinimumVisualStudioVersion = 10.0.40219.1
Project("{8BC9CEB8-8B4A-11D0-8D11-00A0C91BC942}") = "2557_HelloWorld", "2557_HelloWorld\2557_HelloWorld.vcxproj", "{A64F23D8-8208-4E27-B5AA-8669CCC845AC}"
EndProject
Project("{8BC9CEB8-8B4A-11D0-8D11-00A0C91BC942}") = "1000_A+B", "1000_A+B\1000_A+B.vcxproj", "{52249856-D4B7-416B-BDEC-727F90BBB1C5}"
EndProject
Project("{8BC9CEB8-8B4A-11D0-8D11-00A0C91BC942}") = "1001_A-B", "1001_A-B\1001_A-B.vcxproj", "{EF92F74B-B926-4B7E-B521-E821AFA14EB3}"
EndProject
Project("{8BC9CEB8-8B4A-11D0-8D11-00A0C91BC942}") = "7287_registration", "7287_registration\7287_registration.vcxproj", "{07A48B23-6A56-4A7D-8D02-E0F2F94A01EC}"
EndProject
Project("{8BC9CEB8-8B4A-11D0-8D11-00A0C91BC942}") = "10172_dog", "10172_dog\10172_dog.vcxproj", "{D4B02EA3-83AD-48CF-971D-3D023427495E}"
EndProject
Project("{8BC9CEB8-8B4A-11D0-8D11-00A0C91BC942}") = "10718_WeLoveKriii", "10718_WeLoveKriii\10718_WeLoveKriii.vcxproj", "{B2F297F8-8CF8-4D07-8D11-054B8CE43230}"
EndProject
Project("{8BC9CEB8-8B4A-11D0-8D11-00A0C91BC942}") = "11718_inputPrint_I", "11718_inputPrint_I\11718_inputPrint_I.vcxproj", "{9F4C028A-D213-4116-9AF1-CFD877EFF65E}"
EndProject
Project("{8BC9CEB8-8B4A-11D0-8D11-00A0C91BC942}") = "11719_inputPrint_II", "11719_inputPrint_II\11719_inputPrint_II.vcxproj", "{4BA6499C-DCBB-44A2-9A9F-58F70859B74E}"
EndProject
Project("{8BC9CEB8-8B4A-11D0-8D11-00A0C91BC942}") = "10998_AmulB", "10998_AmulB\10998_AmulB.vcxproj", "{E2D88542-0CE5-4EEB-B60F-94E03642C965}"
EndProject
Project("{8BC9CEB8-8B4A-11D0-8D11-00A0C91BC942}") = "1008_AdivB", "1008_AdivB\1008_AdivB.vcxproj", "{8BADDE9F-F2E0-4098-B349-370205DF6AA1}"
EndProject
Project("{8BC9CEB8-8B4A-11D0-8D11-00A0C91BC942}") = "10869_calc", "10869_calc\10869_calc.vcxproj", "{8AE67083-C5A2-46B9-A623-39DAB5DCF289}"
EndProject
Project("{8BC9CEB8-8B4A-11D0-8D11-00A0C91BC942}") = "10430_mod", "10430_mod\10430_mod.vcxproj", "{D3690697-EC97-457E-8E64-BF2344C4620A}"
EndProject
Project("{8BC9CEB8-8B4A-11D0-8D11-00A0C91BC942}") = "2558_A+B-2", "2558_A+B-2\2558_A+B-2.vcxproj", "{B25FC5EA-A981-41CE-979A-4076151333F4}"
EndProject
Project("{8BC9CEB8-8B4A-11D0-8D11-00A0C91BC942}") = "2839_sugar", "2839_sugar\2839_sugar.vcxproj", "{4210AE31-7278-491B-9722-680AB2FD9F98}"
EndProject
Project("{8BC9CEB8-8B4A-11D0-8D11-00A0C91BC942}") = "2741_printN", "2741_printN\2741_printN.vcxproj", "{72D80475-1AEF-4D44-9E89-68E636A9DBD5}"
EndProject
Project("{8BC9CEB8-8B4A-11D0-8D11-00A0C91BC942}") = "2742_reversePrintN", "2742_reversePrintN\2742_reversePrintN.vcxproj", "{8C7725F9-3372-4678-88E9-88ECFE3D692A}"
EndProject
Project("{8BC9CEB8-8B4A-11D0-8D11-00A0C91BC942}") = "2739_guGuDan", "2739_guGuDan\2739_guGuDan.vcxproj", "{63B4A137-1261-4EC9-A19F-DB2552345C24}"
EndProject
Project("{8BC9CEB8-8B4A-11D0-8D11-00A0C91BC942}") = "2438_printStar_I", "2438_printStar_I\2438_printStar_I.vcxproj", "{117A99B3-E8BA-418A-B574-C0D1E2006636}"
EndProject
Project("{8BC9CEB8-8B4A-11D0-8D11-00A0C91BC942}") = "2439_printStar_II", "2439_printStar_II\2439_printStar_II.vcxproj", "{CAF159A0-F5CA-4356-BD76-1356C9AC8D7A}"
EndProject
Project("{8BC9CEB8-8B4A-11D0-8D11-00A0C91BC942}") = "2441_printStar_IV", "2441_printStar_IV\2441_printStar_IV.vcxproj", "{B82733FC-C472-4EAE-AF6B-C83CA6DEB2C2}"
EndProject
Project("{8BC9CEB8-8B4A-11D0-8D11-00A0C91BC942}") = "2440_printStar_III", "2440_printStar_III\2440_printStar_III.vcxproj", "{0F68D117-F0ED-4DA3-8928-D44DC47A3841}"
EndProject
Project("{8BC9CEB8-8B4A-11D0-8D11-00A0C91BC942}") = "1924_2007Calendar", "1924_2007Calendar\1924_2007Calendar.vcxproj", "{F70CEF9F-1DBC-4C18-8EEC-86E9B128C757}"
EndProject
Project("{8BC9CEB8-8B4A-11D0-8D11-00A0C91BC942}") = "8393_sum", "8393_sum\8393_sum.vcxproj", "{3DA1A643-C8B3-49B1-B33B-1DE6B257CC2A}"
EndProject
Project("{8BC9CEB8-8B4A-11D0-8D11-00A0C91BC942}") = "11720_inputSum", "11720_inputSum\11720_inputSum.vcxproj", "{14B99900-04F9-4570-B7D6-5CAE46A288B9}"
EndProject
Project("{2150E333-8FDC-42A3-9474-1A3956D46DE8}") = "02001_05000", "02001_05000", "{6249C6D2-997C-4538-8B88-3DDACCE88137}"
EndProject
Project("{2150E333-8FDC-42A3-9474-1A3956D46DE8}") = "05001_10000", "05001_10000", "{0716F1FA-C923-4F22-A12B-1411D73B5BFD}"
EndProject
Project("{2150E333-8FDC-42A3-9474-1A3956D46DE8}") = "10001", "10001", "{B78B6068-CD39-4FE9-A036-EB931DFD13C7}"
EndProject
Project("{8BC9CEB8-8B4A-11D0-8D11-00A0C91BC942}") = "1110_addCycle", "1110_addCycle\1110_addCycle.vcxproj", "{AC286B36-88EF-43F4-B8B5-550A47BE1CE2}"
EndProject
Project("{8BC9CEB8-8B4A-11D0-8D11-00A0C91BC942}") = "11721_printDiv10", "11721_printDiv10\11721_printDiv10.vcxproj", "{7C170092-2626-48AB-86D6-3DEFA4DFC6EF}"
EndProject
Project("{8BC9CEB8-8B4A-11D0-8D11-00A0C91BC942}") = "9498_testScore", "9498_testScore\9498_testScore.vcxproj", "{15C31104-F44B-4EF7-92CB-E06BE3732AC3}"
EndProject
Project("{8BC9CEB8-8B4A-11D0-8D11-00A0C91BC942}") = "10817_threeNumber", "10817_threeNumber\10817_threeNumber.vcxproj", "{4FE02CD4-8BD9-40CF-BA56-A9A720C8558D}"
EndProject
Project("{8BC9CEB8-8B4A-11D0-8D11-00A0C91BC942}") = "10871_smallerThanX", "10871_smallerThanX\10871_smallerThanX.vcxproj", "{CF5933EA-A9E3-4A90-B22A-6CAD9B7E79D9}"
EndProject
Project("{8BC9CEB8-8B4A-11D0-8D11-00A0C91BC942}") = "1546_average", "1546_average\1546_average.vcxproj", "{1D979487-DDC8-46B1-AD91-91A7E0A1B2ED}"
EndProject
Project("{8BC9CEB8-8B4A-11D0-8D11-00A0C91BC942}") = "4344_average", "4344_average\4344_average.vcxproj", "{2D06C9B5-70F5-4BCE-9A2E-E5858AB5B273}"
EndProject
Project("{8BC9CEB8-8B4A-11D0-8D11-00A0C91BC942}") = "4673_selfNumber", "4673_selfNumber\4673_selfNumber.vcxproj", "{1DC5EF4B-3F28-424A-A33A-CFD85554B7EE}"
EndProject
Project("{8BC9CEB8-8B4A-11D0-8D11-00A0C91BC942}") = "1065_hansoo", "1065_hansoo\1065_hansoo.vcxproj", "{D12A0BFA-DF3B-4B8E-A210-D64448F9FA34}"
EndProject
Project("{8BC9CEB8-8B4A-11D0-8D11-00A0C91BC942}") = "1152_wordCount", "1152_wordCount\1152_wordCount.vcxproj", "{373E5823-D050-4CE5-899C-4C74A93D4A68}"
EndProject
Project("{8BC9CEB8-8B4A-11D0-8D11-00A0C91BC942}") = "2577_digitCount", "2577_digitCount\2577_digitCount.vcxproj", "{800921E2-60B5-4A81-834A-B398EC76CC31}"
EndProject
Project("{8BC9CEB8-8B4A-11D0-8D11-00A0C91BC942}") = "8958_OX", "8958_OX\8958_OX.vcxproj", "{60B79504-D5C1-4E16-82CD-EEE00684F5AF}"
EndProject
Project("{8BC9CEB8-8B4A-11D0-8D11-00A0C91BC942}") = "2920_note", "2920_note\2920_note.vcxproj", "{2A7F2789-7C71-45DD-B906-7B17A3360D10}"
EndProject
Project("{8BC9CEB8-8B4A-11D0-8D11-00A0C91BC942}") = "10039_averagePoint", "10039_averagePoint\10039_averagePoint.vcxproj", "{F7F8CDB9-6636-4D4F-B09E-261CA4E2DDE6}"
EndProject
Project("{8BC9CEB8-8B4A-11D0-8D11-00A0C91BC942}") = "11654_ascii", "11654_ascii\11654_ascii.vcxproj", "{777251BF-F16F-4FAC-8BAE-E32F9CFE937E}"
EndProject
Project("{8BC9CEB8-8B4A-11D0-8D11-00A0C91BC942}") = "10809_findAlphabet", "10809_findAlphabet\10809_findAlphabet.vcxproj", "{5C3F6CE4-3BB0-4E7A-8246-4D41EBF9C186}"
EndProject
Project("{8BC9CEB8-8B4A-11D0-8D11-00A0C91BC942}") = "2675_repeatString", "2675_repeatString\2675_repeatString.vcxproj", "{C68E03D3-2796-44C4-AC9A-666609B47395}"
EndProject
Project("{8BC9CEB8-8B4A-11D0-8D11-00A0C91BC942}") = "1157_wordStudy", "1157_wordStudy\1157_wordStudy.vcxproj", "{0C3EDC93-6590-4748-B11F-9B76BC97589E}"
EndProject
Project("{8BC9CEB8-8B4A-11D0-8D11-00A0C91BC942}") = "1316_groupWordChecker", "1316_groupWordChecker\1316_groupWordChecker.vcxproj", "{CEEB5A3E-512F-4D76-88F9-1A9B3951D40E}"
EndProject
Project("{8BC9CEB8-8B4A-11D0-8D11-00A0C91BC942}") = "2908_reverseNumber", "2908_reverseNumber\2908_reverseNumber.vcxproj", "{81C070FE-7316-40B0-BB32-B7D7253C5051}"
EndProject
Project("{8BC9CEB8-8B4A-11D0-8D11-00A0C91BC942}") = "5622_baka", "5622_baka\5622_baka.vcxproj", "{30919C98-388A-4702-B2FF-786C0D1E67EA}"
EndProject
Project("{8BC9CEB8-8B4A-11D0-8D11-00A0C91BC942}") = "2292_hexRoom", "2292_hexRoom\2292_hexRoom.vcxproj", "{75841F8F-7013-4AA0-965A-0E58B8F16EC2}"
EndProject
Project("{8BC9CEB8-8B4A-11D0-8D11-00A0C91BC942}") = "1011_AlphaCentauri", "1011_AlphaCentauri\1011_AlphaCentauri.vcxproj", "{090C02D5-3B21-45FF-B642-5A515A214DC8}"
EndProject
Project("{8BC9CEB8-8B4A-11D0-8D11-00A0C91BC942}") = "10250_hotelRoom", "10250_hotelRoom\10250_hotelRoom.vcxproj", "{51B03D95-E8DC-4CCA-A77E-8B65315D98FE}"
EndProject
Project("{8BC9CEB8-8B4A-11D0-8D11-00A0C91BC942}") = "2775_bansanghoi", "2775_bansanghoi\2775_bansanghoi.vcxproj", "{C5358412-9E10-46AA-BC5E-D3BC41B98E54}"
EndProject
Project("{8BC9CEB8-8B4A-11D0-8D11-00A0C91BC942}") = "1475_roomNumber", "1475_roomNumber\1475_roomNumber.vcxproj", "{84F0D91C-8AED-429A-879B-D388677C83FB}"
EndProject
Project("{8BC9CEB8-8B4A-11D0-8D11-00A0C91BC942}") = "2448_printStar", "2448_printStar\2448_printStar.vcxproj", "{6DE1D320-078E-47F2-95AA-E0C37677596B}"
EndProject
Project("{8BC9CEB8-8B4A-11D0-8D11-00A0C91BC942}") = "2941_LJESNJAK", "2941_LJESNJAK\2941_LJESNJAK.vcxproj", "{82EC2B0B-5E9C-4213-89C9-1F5E1A032834}"
EndProject
Project("{8BC9CEB8-8B4A-11D0-8D11-00A0C91BC942}") = "1193_bunsu", "1193_bunsu\1193_bunsu.vcxproj", "{347F1B11-0E9D-4571-BD38-B59D4D022FB5}"
EndProject
Project("{8BC9CEB8-8B4A-11D0-8D11-00A0C91BC942}") = "6064_cainCalendar", "6064_cainCalendar\6064_cainCalendar.vcxproj", "{76A944AB-7616-4D0B-BEA9-17796B3EA7AA}"
EndProject
Project("{8BC9CEB8-8B4A-11D0-8D11-00A0C91BC942}") = "2750_sorting", "2750_sorting\2750_sorting.vcxproj", "{960547D2-DBEA-4EDB-90FA-8FA103432212}"
EndProject
Project("{8BC9CEB8-8B4A-11D0-8D11-00A0C91BC942}") = "9426_centerValue", "9426_centerValue\9426_centerValue.vcxproj", "{F2254487-FF42-4CA5-B430-9850B85BE7CE}"
EndProject
Project("{8BC9CEB8-8B4A-11D0-8D11-00A0C91BC942}") = "1427_sortInside", "1427_sortInside\1427_sortInside.vcxproj", "{95245E68-AA1F-4F92-9FAB-543F8158A5A3}"
EndProject
Project("{8BC9CEB8-8B4A-11D0-8D11-00A0C91BC942}") = "1181_wordSort", "1181_wordSort\1181_wordSort.vcxproj", "{9041BC72-88CE-4DBB-915B-9415F3698C94}"
EndProject
Project("{8BC9CEB8-8B4A-11D0-8D11-00A0C91BC942}") = "1978_findPrimeNumber", "1978_findPrimeNumber\1978_findPrimeNumber.vcxproj", "{B08E27E0-F222-428C-B097-B6B948535BDD}"
EndProject
Project("{8BC9CEB8-8B4A-11D0-8D11-00A0C91BC942}") = "2581_primeNumber", "2581_primeNumber\2581_primeNumber.vcxproj", "{581DCEF5-954C-4EF2-A9A1-4B6A887F4D0F}"
EndProject
Project("{8BC9CEB8-8B4A-11D0-8D11-00A0C91BC942}") = "1929_printPrimeNumber", "1929_printPrimeNumber\1929_printPrimeNumber.vcxproj", "{7F8B2A83-7C63-4951-B8C5-C5A089B32359}"
EndProject
Project("{8BC9CEB8-8B4A-11D0-8D11-00A0C91BC942}") = "4948_chebyshevTheorem", "4948_chebyshevTheorem\4948_chebyshevTheorem.vcxproj", "{480F6E50-A6F4-43B2-8138-74BB48C21620}"
EndProject
Project("{8BC9CEB8-8B4A-11D0-8D11-00A0C91BC942}") = "9020_goldbachConjecture", "9020_goldbachConjecture\9020_goldbachConjecture.vcxproj", "{0D419F8E-9F43-4D75-901C-249D8AE769BA}"
EndProject
Project("{8BC9CEB8-8B4A-11D0-8D11-00A0C91BC942}") = "10828_stackBasic", "10828_stackBasic\10828_stackBasic.vcxproj", "{22DF4A9D-A7C6-425C-A5C3-05ECA1B18038}"
EndProject
Project("{8BC9CEB8-8B4A-11D0-8D11-00A0C91BC942}") = "9012_Parenthesis", "9012_Parenthesis\9012_Parenthesis.vcxproj", "{225BA9A8-53F0-47FC-B88B-F126DB70CE1D}"
EndProject
Project("{8BC9CEB8-8B4A-11D0-8D11-00A0C91BC942}") = "10171_printCat", "10171_printCat\10171_printCat.vcxproj", "{3C253C08-41C6-416F-A482-785820A835AB}"
EndProject
Project("{8BC9CEB8-8B4A-11D0-8D11-00A0C91BC942}") = "2588_times", "2588_times\2588_times.vcxproj", "{CB7927DA-5B00-46BB-8C30-842F0C48D45B}"
EndProject
Project("{8BC9CEB8-8B4A-11D0-8D11-00A0C91BC942}") = "1330_if", "1330_if\1330_if.vcxproj", "{9FBE71B6-ED7B-4799-9A94-39D1B0AB6ADB}"
EndProject
Project("{8BC9CEB8-8B4A-11D0-8D11-00A0C91BC942}") = "2753_leapyear", "2753_leapyear\2753_leapyear.vcxproj", "{D8C8BE34-02EB-4E50-A1C8-BEC8248F68BF}"
EndProject
Project("{8BC9CEB8-8B4A-11D0-8D11-00A0C91BC942}") = "2884_alarm", "2884_alarm\2884_alarm.vcxproj", "{A77CC538-0F2D-4399-AA27-294156C3ACDF}"
EndProject
Project("{8BC9CEB8-8B4A-11D0-8D11-00A0C91BC942}") = "10950_A+B_3", "10950_A+B_3\10950_A+B_3.vcxproj", "{B7E5B830-E44A-468F-8C35-2C979DCC10DC}"
EndProject
Project("{8BC9CEB8-8B4A-11D0-8D11-00A0C91BC942}") = "15552_fast_A+B", "15552_fast_A+B\15552_fast_A+B.vcxproj", "{966D7B95-84A7-47C9-BA71-BDBD156E3562}"
EndProject
Project("{8BC9CEB8-8B4A-11D0-8D11-00A0C91BC942}") = "11021_A+B_7", "11021_A+B_7\11021_A+B_7.vcxproj", "{26A13A27-C8EA-4622-AFBD-15CBE0A2AEB6}"
EndProject
Project("{8BC9CEB8-8B4A-11D0-8D11-00A0C91BC942}") = "11022_A+B_8", "11022_A+B_8\11022_A+B_8.vcxproj", "{FA2BC2DD-8CB0-4361-BC76-2C5E904E0AE9}"
EndProject
Project("{8BC9CEB8-8B4A-11D0-8D11-00A0C91BC942}") = "10952_A+B_5", "10952_A+B_5\10952_A+B_5.vcxproj", "{B1FB3AF2-3335-4FFE-9C5E-F86E258D9500}"
EndProject
Project("{8BC9CEB8-8B4A-11D0-8D11-00A0C91BC942}") = "10951_A+B_4", "10951_A+B_4\10951_A+B_4.vcxproj", "{373FAD8E-9AD1-49D6-A79A-4761AD7B1880}"
EndProject
Project("{8BC9CEB8-8B4A-11D0-8D11-00A0C91BC942}") = "10818_min_max", "10818_min_max\10818_min_max.vcxproj", "{0D4D19F4-3DB2-4CAC-95EA-3447B5F9C761}"
EndProject
Project("{8BC9CEB8-8B4A-11D0-8D11-00A0C91BC942}") = "2562_max", "2562_max\2562_max.vcxproj", "{8AECC731-272E-4C01-B887-70D0A6253FFC}"
EndProject
Project("{8BC9CEB8-8B4A-11D0-8D11-00A0C91BC942}") = "3052_mod", "3052_mod\3052_mod.vcxproj", "{C2F5A28D-2C66-466E-AEBF-B1DE766FC0C6}"
EndProject
Project("{8BC9CEB8-8B4A-11D0-8D11-00A0C91BC942}") = "15596_sumN_func", "15596_sumN_func\15596_sumN_func.vcxproj", "{E4FA3316-6627-4D31-AAB8-3C038DFE5095}"
EndProject
Project("{8BC9CEB8-8B4A-11D0-8D11-00A0C91BC942}") = "10872_factorial", "10872_factorial\10872_factorial.vcxproj", "{D4E803E4-0D98-4B52-9F0F-D56EAF57F455}"
EndProject
Project("{8BC9CEB8-8B4A-11D0-8D11-00A0C91BC942}") = "2447_Star_10", "2447_Star_10\2447_Star_10.vcxproj", "{569A5CDC-4448-4D18-8912-69956D29AEF7}"
EndProject
Project("{8BC9CEB8-8B4A-11D0-8D11-00A0C91BC942}") = "11729_hanoi", "11729_hanoi\11729_hanoi.vcxproj", "{C3EC2644-1C6A-4E23-B33A-C93669C9AD02}"
EndProject
Project("{8BC9CEB8-8B4A-11D0-8D11-00A0C91BC942}") = "1712_BreakEvenPoint", "1712_BreakEvenPoint\1712_BreakEvenPoint.vcxproj", "{8FED1625-4277-4457-BE61-267F324CF018}"
EndProject
Project("{8BC9CEB8-8B4A-11D0-8D11-00A0C91BC942}") = "2869_snail", "2869_snail\2869_snail.vcxproj", "{553DD432-E9F5-4C8E-95A3-08F95435641D}"
EndProject
Project("{8BC9CEB8-8B4A-11D0-8D11-00A0C91BC942}") = "1929_printPrimeNumber_1", "1929_printPrimeNumber_1\1929_printPrimeNumber_1.vcxproj", "{BC0E12B5-4DEE-4E2A-802B-69E19D43AAF3}"
EndProject
Project("{8BC9CEB8-8B4A-11D0-8D11-00A0C91BC942}") = "1085_rectangle", "1085_rectangle\1085_rectangle.vcxproj", "{8C33E97E-E730-4523-9775-5390F8CCB7FB}"
EndProject
Project("{8BC9CEB8-8B4A-11D0-8D11-00A0C91BC942}") = "3009_fourthDot", "3009_fourthDot\3009_fourthDot.vcxproj", "{1D171F83-7B5A-4674-A252-098FD3D4B359}"
EndProject
Project("{8BC9CEB8-8B4A-11D0-8D11-00A0C91BC942}") = "4153_Egypt", "4153_Egypt\4153_Egypt.vcxproj", "{891044F4-E852-46E9-81BC-005C46FB5A55}"
EndProject
Project("{8BC9CEB8-8B4A-11D0-8D11-00A0C91BC942}") = "3053_HERMAN", "3053_HERMAN\3053_HERMAN.vcxproj", "{6C17BBA7-727C-423E-AC5D-0652A65AE5D0}"
EndProject
Project("{8BC9CEB8-8B4A-11D0-8D11-00A0C91BC942}") = "1002_turret", "1002_turret\1002_turret.vcxproj", "{9BC9DB35-EC91-4C7C-84F3-541849B338E4}"
EndProject
Project("{8BC9CEB8-8B4A-11D0-8D11-00A0C91BC942}") = "2798_blackjack", "2798_blackjack\2798_blackjack.vcxproj", "{7F5EAA2F-D76E-4A7E-92F2-C92D585999A4}"
EndProject
Project("{2150E333-8FDC-42A3-9474-1A3956D46DE8}") = "01000_02000", "01000_02000", "{51A8D390-FA47-427C-BF5C-BCC071671D0D}"
EndProject
Project("{8BC9CEB8-8B4A-11D0-8D11-00A0C91BC942}") = "2231_DigitGenerator", "2231_DigitGenerator\2231_DigitGenerator.vcxproj", "{59119002-8A24-4016-96C0-B50FF85202D7}"
EndProject
Project("{8BC9CEB8-8B4A-11D0-8D11-00A0C91BC942}") = "7568_build", "7568_build\7568_build.vcxproj", "{20F97E31-AEA5-4183-8CB0-F1A512D9ADB6}"
EndProject
Project("{8BC9CEB8-8B4A-11D0-8D11-00A0C91BC942}") = "1018_ChessDrow", "1018_ChessDrow\1018_ChessDrow.vcxproj", "{BA1AFAD6-DF10-41C0-A5BB-2F7BE4871677}"
EndProject
Project("{8BC9CEB8-8B4A-11D0-8D11-00A0C91BC942}") = "1436_movie", "1436_movie\1436_movie.vcxproj", "{F8C9FC45-B09E-42AE-B46A-FDB1C1223FDA}"
EndProject
Project("{8BC9CEB8-8B4A-11D0-8D11-00A0C91BC942}") = "2751_sorting2", "2751_sorting2\2751_sorting2.vcxproj", "{5B86E6B2-20D9-4AC5-B0EF-7C071748D01E}"
EndProject
Project("{8BC9CEB8-8B4A-11D0-8D11-00A0C91BC942}") = "10989_sorting3", "10989_sorting3\10989_sorting3.vcxproj", "{38528E7C-329D-4867-9B8C-9F7581C02BEC}"
EndProject
Global
	GlobalSection(SolutionConfigurationPlatforms) = preSolution
		Debug|Win32 = Debug|Win32
		Debug|x64 = Debug|x64
		Release|Win32 = Release|Win32
		Release|x64 = Release|x64
	EndGlobalSection
	GlobalSection(ProjectConfigurationPlatforms) = postSolution
		{A64F23D8-8208-4E27-B5AA-8669CCC845AC}.Debug|Win32.ActiveCfg = Debug|Win32
		{A64F23D8-8208-4E27-B5AA-8669CCC845AC}.Debug|Win32.Build.0 = Debug|Win32
		{A64F23D8-8208-4E27-B5AA-8669CCC845AC}.Debug|x64.ActiveCfg = Debug|Win32
		{A64F23D8-8208-4E27-B5AA-8669CCC845AC}.Release|Win32.ActiveCfg = Release|Win32
		{A64F23D8-8208-4E27-B5AA-8669CCC845AC}.Release|Win32.Build.0 = Release|Win32
		{A64F23D8-8208-4E27-B5AA-8669CCC845AC}.Release|x64.ActiveCfg = Release|Win32
		{52249856-D4B7-416B-BDEC-727F90BBB1C5}.Debug|Win32.ActiveCfg = Debug|Win32
		{52249856-D4B7-416B-BDEC-727F90BBB1C5}.Debug|Win32.Build.0 = Debug|Win32
		{52249856-D4B7-416B-BDEC-727F90BBB1C5}.Debug|x64.ActiveCfg = Debug|Win32
		{52249856-D4B7-416B-BDEC-727F90BBB1C5}.Release|Win32.ActiveCfg = Release|Win32
		{52249856-D4B7-416B-BDEC-727F90BBB1C5}.Release|Win32.Build.0 = Release|Win32
		{52249856-D4B7-416B-BDEC-727F90BBB1C5}.Release|x64.ActiveCfg = Release|Win32
		{EF92F74B-B926-4B7E-B521-E821AFA14EB3}.Debug|Win32.ActiveCfg = Debug|Win32
		{EF92F74B-B926-4B7E-B521-E821AFA14EB3}.Debug|Win32.Build.0 = Debug|Win32
		{EF92F74B-B926-4B7E-B521-E821AFA14EB3}.Debug|x64.ActiveCfg = Debug|Win32
		{EF92F74B-B926-4B7E-B521-E821AFA14EB3}.Release|Win32.ActiveCfg = Release|Win32
		{EF92F74B-B926-4B7E-B521-E821AFA14EB3}.Release|Win32.Build.0 = Release|Win32
		{EF92F74B-B926-4B7E-B521-E821AFA14EB3}.Release|x64.ActiveCfg = Release|Win32
		{07A48B23-6A56-4A7D-8D02-E0F2F94A01EC}.Debug|Win32.ActiveCfg = Debug|Win32
		{07A48B23-6A56-4A7D-8D02-E0F2F94A01EC}.Debug|Win32.Build.0 = Debug|Win32
		{07A48B23-6A56-4A7D-8D02-E0F2F94A01EC}.Debug|x64.ActiveCfg = Debug|Win32
		{07A48B23-6A56-4A7D-8D02-E0F2F94A01EC}.Release|Win32.ActiveCfg = Release|Win32
		{07A48B23-6A56-4A7D-8D02-E0F2F94A01EC}.Release|Win32.Build.0 = Release|Win32
		{07A48B23-6A56-4A7D-8D02-E0F2F94A01EC}.Release|x64.ActiveCfg = Release|Win32
		{D4B02EA3-83AD-48CF-971D-3D023427495E}.Debug|Win32.ActiveCfg = Debug|Win32
		{D4B02EA3-83AD-48CF-971D-3D023427495E}.Debug|Win32.Build.0 = Debug|Win32
		{D4B02EA3-83AD-48CF-971D-3D023427495E}.Debug|x64.ActiveCfg = Debug|Win32
		{D4B02EA3-83AD-48CF-971D-3D023427495E}.Release|Win32.ActiveCfg = Release|Win32
		{D4B02EA3-83AD-48CF-971D-3D023427495E}.Release|Win32.Build.0 = Release|Win32
		{D4B02EA3-83AD-48CF-971D-3D023427495E}.Release|x64.ActiveCfg = Release|Win32
		{B2F297F8-8CF8-4D07-8D11-054B8CE43230}.Debug|Win32.ActiveCfg = Debug|Win32
		{B2F297F8-8CF8-4D07-8D11-054B8CE43230}.Debug|Win32.Build.0 = Debug|Win32
		{B2F297F8-8CF8-4D07-8D11-054B8CE43230}.Debug|x64.ActiveCfg = Debug|Win32
		{B2F297F8-8CF8-4D07-8D11-054B8CE43230}.Release|Win32.ActiveCfg = Release|Win32
		{B2F297F8-8CF8-4D07-8D11-054B8CE43230}.Release|Win32.Build.0 = Release|Win32
		{B2F297F8-8CF8-4D07-8D11-054B8CE43230}.Release|x64.ActiveCfg = Release|Win32
		{9F4C028A-D213-4116-9AF1-CFD877EFF65E}.Debug|Win32.ActiveCfg = Debug|Win32
		{9F4C028A-D213-4116-9AF1-CFD877EFF65E}.Debug|Win32.Build.0 = Debug|Win32
		{9F4C028A-D213-4116-9AF1-CFD877EFF65E}.Debug|x64.ActiveCfg = Debug|Win32
		{9F4C028A-D213-4116-9AF1-CFD877EFF65E}.Release|Win32.ActiveCfg = Release|Win32
		{9F4C028A-D213-4116-9AF1-CFD877EFF65E}.Release|Win32.Build.0 = Release|Win32
		{9F4C028A-D213-4116-9AF1-CFD877EFF65E}.Release|x64.ActiveCfg = Release|Win32
		{4BA6499C-DCBB-44A2-9A9F-58F70859B74E}.Debug|Win32.ActiveCfg = Debug|Win32
		{4BA6499C-DCBB-44A2-9A9F-58F70859B74E}.Debug|Win32.Build.0 = Debug|Win32
		{4BA6499C-DCBB-44A2-9A9F-58F70859B74E}.Debug|x64.ActiveCfg = Debug|Win32
		{4BA6499C-DCBB-44A2-9A9F-58F70859B74E}.Release|Win32.ActiveCfg = Release|Win32
		{4BA6499C-DCBB-44A2-9A9F-58F70859B74E}.Release|Win32.Build.0 = Release|Win32
		{4BA6499C-DCBB-44A2-9A9F-58F70859B74E}.Release|x64.ActiveCfg = Release|Win32
		{E2D88542-0CE5-4EEB-B60F-94E03642C965}.Debug|Win32.ActiveCfg = Debug|Win32
		{E2D88542-0CE5-4EEB-B60F-94E03642C965}.Debug|Win32.Build.0 = Debug|Win32
		{E2D88542-0CE5-4EEB-B60F-94E03642C965}.Debug|x64.ActiveCfg = Debug|Win32
		{E2D88542-0CE5-4EEB-B60F-94E03642C965}.Release|Win32.ActiveCfg = Release|Win32
		{E2D88542-0CE5-4EEB-B60F-94E03642C965}.Release|Win32.Build.0 = Release|Win32
		{E2D88542-0CE5-4EEB-B60F-94E03642C965}.Release|x64.ActiveCfg = Release|Win32
		{8BADDE9F-F2E0-4098-B349-370205DF6AA1}.Debug|Win32.ActiveCfg = Debug|Win32
		{8BADDE9F-F2E0-4098-B349-370205DF6AA1}.Debug|Win32.Build.0 = Debug|Win32
		{8BADDE9F-F2E0-4098-B349-370205DF6AA1}.Debug|x64.ActiveCfg = Debug|Win32
		{8BADDE9F-F2E0-4098-B349-370205DF6AA1}.Release|Win32.ActiveCfg = Release|Win32
		{8BADDE9F-F2E0-4098-B349-370205DF6AA1}.Release|Win32.Build.0 = Release|Win32
		{8BADDE9F-F2E0-4098-B349-370205DF6AA1}.Release|x64.ActiveCfg = Release|Win32
		{8AE67083-C5A2-46B9-A623-39DAB5DCF289}.Debug|Win32.ActiveCfg = Debug|Win32
		{8AE67083-C5A2-46B9-A623-39DAB5DCF289}.Debug|Win32.Build.0 = Debug|Win32
		{8AE67083-C5A2-46B9-A623-39DAB5DCF289}.Debug|x64.ActiveCfg = Debug|Win32
		{8AE67083-C5A2-46B9-A623-39DAB5DCF289}.Release|Win32.ActiveCfg = Release|Win32
		{8AE67083-C5A2-46B9-A623-39DAB5DCF289}.Release|Win32.Build.0 = Release|Win32
		{8AE67083-C5A2-46B9-A623-39DAB5DCF289}.Release|x64.ActiveCfg = Release|Win32
		{D3690697-EC97-457E-8E64-BF2344C4620A}.Debug|Win32.ActiveCfg = Debug|Win32
		{D3690697-EC97-457E-8E64-BF2344C4620A}.Debug|Win32.Build.0 = Debug|Win32
		{D3690697-EC97-457E-8E64-BF2344C4620A}.Debug|x64.ActiveCfg = Debug|Win32
		{D3690697-EC97-457E-8E64-BF2344C4620A}.Release|Win32.ActiveCfg = Release|Win32
		{D3690697-EC97-457E-8E64-BF2344C4620A}.Release|Win32.Build.0 = Release|Win32
		{D3690697-EC97-457E-8E64-BF2344C4620A}.Release|x64.ActiveCfg = Release|Win32
		{B25FC5EA-A981-41CE-979A-4076151333F4}.Debug|Win32.ActiveCfg = Debug|Win32
		{B25FC5EA-A981-41CE-979A-4076151333F4}.Debug|Win32.Build.0 = Debug|Win32
		{B25FC5EA-A981-41CE-979A-4076151333F4}.Debug|x64.ActiveCfg = Debug|Win32
		{B25FC5EA-A981-41CE-979A-4076151333F4}.Release|Win32.ActiveCfg = Release|Win32
		{B25FC5EA-A981-41CE-979A-4076151333F4}.Release|Win32.Build.0 = Release|Win32
		{B25FC5EA-A981-41CE-979A-4076151333F4}.Release|x64.ActiveCfg = Release|Win32
		{4210AE31-7278-491B-9722-680AB2FD9F98}.Debug|Win32.ActiveCfg = Debug|Win32
		{4210AE31-7278-491B-9722-680AB2FD9F98}.Debug|Win32.Build.0 = Debug|Win32
		{4210AE31-7278-491B-9722-680AB2FD9F98}.Debug|x64.ActiveCfg = Debug|Win32
		{4210AE31-7278-491B-9722-680AB2FD9F98}.Release|Win32.ActiveCfg = Release|Win32
		{4210AE31-7278-491B-9722-680AB2FD9F98}.Release|Win32.Build.0 = Release|Win32
		{4210AE31-7278-491B-9722-680AB2FD9F98}.Release|x64.ActiveCfg = Release|Win32
		{72D80475-1AEF-4D44-9E89-68E636A9DBD5}.Debug|Win32.ActiveCfg = Debug|Win32
		{72D80475-1AEF-4D44-9E89-68E636A9DBD5}.Debug|Win32.Build.0 = Debug|Win32
		{72D80475-1AEF-4D44-9E89-68E636A9DBD5}.Debug|x64.ActiveCfg = Debug|Win32
		{72D80475-1AEF-4D44-9E89-68E636A9DBD5}.Release|Win32.ActiveCfg = Release|Win32
		{72D80475-1AEF-4D44-9E89-68E636A9DBD5}.Release|Win32.Build.0 = Release|Win32
		{72D80475-1AEF-4D44-9E89-68E636A9DBD5}.Release|x64.ActiveCfg = Release|Win32
		{8C7725F9-3372-4678-88E9-88ECFE3D692A}.Debug|Win32.ActiveCfg = Debug|Win32
		{8C7725F9-3372-4678-88E9-88ECFE3D692A}.Debug|Win32.Build.0 = Debug|Win32
		{8C7725F9-3372-4678-88E9-88ECFE3D692A}.Debug|x64.ActiveCfg = Debug|Win32
		{8C7725F9-3372-4678-88E9-88ECFE3D692A}.Release|Win32.ActiveCfg = Release|Win32
		{8C7725F9-3372-4678-88E9-88ECFE3D692A}.Release|Win32.Build.0 = Release|Win32
		{8C7725F9-3372-4678-88E9-88ECFE3D692A}.Release|x64.ActiveCfg = Release|Win32
		{63B4A137-1261-4EC9-A19F-DB2552345C24}.Debug|Win32.ActiveCfg = Debug|Win32
		{63B4A137-1261-4EC9-A19F-DB2552345C24}.Debug|Win32.Build.0 = Debug|Win32
		{63B4A137-1261-4EC9-A19F-DB2552345C24}.Debug|x64.ActiveCfg = Debug|Win32
		{63B4A137-1261-4EC9-A19F-DB2552345C24}.Release|Win32.ActiveCfg = Release|Win32
		{63B4A137-1261-4EC9-A19F-DB2552345C24}.Release|Win32.Build.0 = Release|Win32
		{63B4A137-1261-4EC9-A19F-DB2552345C24}.Release|x64.ActiveCfg = Release|Win32
		{117A99B3-E8BA-418A-B574-C0D1E2006636}.Debug|Win32.ActiveCfg = Debug|Win32
		{117A99B3-E8BA-418A-B574-C0D1E2006636}.Debug|Win32.Build.0 = Debug|Win32
		{117A99B3-E8BA-418A-B574-C0D1E2006636}.Debug|x64.ActiveCfg = Debug|Win32
		{117A99B3-E8BA-418A-B574-C0D1E2006636}.Release|Win32.ActiveCfg = Release|Win32
		{117A99B3-E8BA-418A-B574-C0D1E2006636}.Release|Win32.Build.0 = Release|Win32
		{117A99B3-E8BA-418A-B574-C0D1E2006636}.Release|x64.ActiveCfg = Release|Win32
		{CAF159A0-F5CA-4356-BD76-1356C9AC8D7A}.Debug|Win32.ActiveCfg = Debug|Win32
		{CAF159A0-F5CA-4356-BD76-1356C9AC8D7A}.Debug|Win32.Build.0 = Debug|Win32
		{CAF159A0-F5CA-4356-BD76-1356C9AC8D7A}.Debug|x64.ActiveCfg = Debug|Win32
		{CAF159A0-F5CA-4356-BD76-1356C9AC8D7A}.Release|Win32.ActiveCfg = Release|Win32
		{CAF159A0-F5CA-4356-BD76-1356C9AC8D7A}.Release|Win32.Build.0 = Release|Win32
		{CAF159A0-F5CA-4356-BD76-1356C9AC8D7A}.Release|x64.ActiveCfg = Release|Win32
		{B82733FC-C472-4EAE-AF6B-C83CA6DEB2C2}.Debug|Win32.ActiveCfg = Debug|Win32
		{B82733FC-C472-4EAE-AF6B-C83CA6DEB2C2}.Debug|Win32.Build.0 = Debug|Win32
		{B82733FC-C472-4EAE-AF6B-C83CA6DEB2C2}.Debug|x64.ActiveCfg = Debug|Win32
		{B82733FC-C472-4EAE-AF6B-C83CA6DEB2C2}.Release|Win32.ActiveCfg = Release|Win32
		{B82733FC-C472-4EAE-AF6B-C83CA6DEB2C2}.Release|Win32.Build.0 = Release|Win32
		{B82733FC-C472-4EAE-AF6B-C83CA6DEB2C2}.Release|x64.ActiveCfg = Release|Win32
		{0F68D117-F0ED-4DA3-8928-D44DC47A3841}.Debug|Win32.ActiveCfg = Debug|Win32
		{0F68D117-F0ED-4DA3-8928-D44DC47A3841}.Debug|Win32.Build.0 = Debug|Win32
		{0F68D117-F0ED-4DA3-8928-D44DC47A3841}.Debug|x64.ActiveCfg = Debug|Win32
		{0F68D117-F0ED-4DA3-8928-D44DC47A3841}.Release|Win32.ActiveCfg = Release|Win32
		{0F68D117-F0ED-4DA3-8928-D44DC47A3841}.Release|Win32.Build.0 = Release|Win32
		{0F68D117-F0ED-4DA3-8928-D44DC47A3841}.Release|x64.ActiveCfg = Release|Win32
		{F70CEF9F-1DBC-4C18-8EEC-86E9B128C757}.Debug|Win32.ActiveCfg = Debug|Win32
		{F70CEF9F-1DBC-4C18-8EEC-86E9B128C757}.Debug|Win32.Build.0 = Debug|Win32
		{F70CEF9F-1DBC-4C18-8EEC-86E9B128C757}.Debug|x64.ActiveCfg = Debug|Win32
		{F70CEF9F-1DBC-4C18-8EEC-86E9B128C757}.Release|Win32.ActiveCfg = Release|Win32
		{F70CEF9F-1DBC-4C18-8EEC-86E9B128C757}.Release|Win32.Build.0 = Release|Win32
		{F70CEF9F-1DBC-4C18-8EEC-86E9B128C757}.Release|x64.ActiveCfg = Release|Win32
		{3DA1A643-C8B3-49B1-B33B-1DE6B257CC2A}.Debug|Win32.ActiveCfg = Debug|Win32
		{3DA1A643-C8B3-49B1-B33B-1DE6B257CC2A}.Debug|Win32.Build.0 = Debug|Win32
		{3DA1A643-C8B3-49B1-B33B-1DE6B257CC2A}.Debug|x64.ActiveCfg = Debug|Win32
		{3DA1A643-C8B3-49B1-B33B-1DE6B257CC2A}.Release|Win32.ActiveCfg = Release|Win32
		{3DA1A643-C8B3-49B1-B33B-1DE6B257CC2A}.Release|Win32.Build.0 = Release|Win32
		{3DA1A643-C8B3-49B1-B33B-1DE6B257CC2A}.Release|x64.ActiveCfg = Release|Win32
		{14B99900-04F9-4570-B7D6-5CAE46A288B9}.Debug|Win32.ActiveCfg = Debug|Win32
		{14B99900-04F9-4570-B7D6-5CAE46A288B9}.Debug|Win32.Build.0 = Debug|Win32
		{14B99900-04F9-4570-B7D6-5CAE46A288B9}.Debug|x64.ActiveCfg = Debug|Win32
		{14B99900-04F9-4570-B7D6-5CAE46A288B9}.Release|Win32.ActiveCfg = Release|Win32
		{14B99900-04F9-4570-B7D6-5CAE46A288B9}.Release|Win32.Build.0 = Release|Win32
		{14B99900-04F9-4570-B7D6-5CAE46A288B9}.Release|x64.ActiveCfg = Release|Win32
		{AC286B36-88EF-43F4-B8B5-550A47BE1CE2}.Debug|Win32.ActiveCfg = Debug|Win32
		{AC286B36-88EF-43F4-B8B5-550A47BE1CE2}.Debug|Win32.Build.0 = Debug|Win32
		{AC286B36-88EF-43F4-B8B5-550A47BE1CE2}.Debug|x64.ActiveCfg = Debug|Win32
		{AC286B36-88EF-43F4-B8B5-550A47BE1CE2}.Release|Win32.ActiveCfg = Release|Win32
		{AC286B36-88EF-43F4-B8B5-550A47BE1CE2}.Release|Win32.Build.0 = Release|Win32
		{AC286B36-88EF-43F4-B8B5-550A47BE1CE2}.Release|x64.ActiveCfg = Release|Win32
		{7C170092-2626-48AB-86D6-3DEFA4DFC6EF}.Debug|Win32.ActiveCfg = Debug|Win32
		{7C170092-2626-48AB-86D6-3DEFA4DFC6EF}.Debug|Win32.Build.0 = Debug|Win32
		{7C170092-2626-48AB-86D6-3DEFA4DFC6EF}.Debug|x64.ActiveCfg = Debug|Win32
		{7C170092-2626-48AB-86D6-3DEFA4DFC6EF}.Release|Win32.ActiveCfg = Release|Win32
		{7C170092-2626-48AB-86D6-3DEFA4DFC6EF}.Release|Win32.Build.0 = Release|Win32
		{7C170092-2626-48AB-86D6-3DEFA4DFC6EF}.Release|x64.ActiveCfg = Release|Win32
		{15C31104-F44B-4EF7-92CB-E06BE3732AC3}.Debug|Win32.ActiveCfg = Debug|Win32
		{15C31104-F44B-4EF7-92CB-E06BE3732AC3}.Debug|Win32.Build.0 = Debug|Win32
		{15C31104-F44B-4EF7-92CB-E06BE3732AC3}.Debug|x64.ActiveCfg = Debug|Win32
		{15C31104-F44B-4EF7-92CB-E06BE3732AC3}.Release|Win32.ActiveCfg = Release|Win32
		{15C31104-F44B-4EF7-92CB-E06BE3732AC3}.Release|Win32.Build.0 = Release|Win32
		{15C31104-F44B-4EF7-92CB-E06BE3732AC3}.Release|x64.ActiveCfg = Release|Win32
		{4FE02CD4-8BD9-40CF-BA56-A9A720C8558D}.Debug|Win32.ActiveCfg = Debug|Win32
		{4FE02CD4-8BD9-40CF-BA56-A9A720C8558D}.Debug|Win32.Build.0 = Debug|Win32
		{4FE02CD4-8BD9-40CF-BA56-A9A720C8558D}.Debug|x64.ActiveCfg = Debug|Win32
		{4FE02CD4-8BD9-40CF-BA56-A9A720C8558D}.Release|Win32.ActiveCfg = Release|Win32
		{4FE02CD4-8BD9-40CF-BA56-A9A720C8558D}.Release|Win32.Build.0 = Release|Win32
		{4FE02CD4-8BD9-40CF-BA56-A9A720C8558D}.Release|x64.ActiveCfg = Release|Win32
		{CF5933EA-A9E3-4A90-B22A-6CAD9B7E79D9}.Debug|Win32.ActiveCfg = Debug|Win32
		{CF5933EA-A9E3-4A90-B22A-6CAD9B7E79D9}.Debug|Win32.Build.0 = Debug|Win32
		{CF5933EA-A9E3-4A90-B22A-6CAD9B7E79D9}.Debug|x64.ActiveCfg = Debug|Win32
		{CF5933EA-A9E3-4A90-B22A-6CAD9B7E79D9}.Release|Win32.ActiveCfg = Release|Win32
		{CF5933EA-A9E3-4A90-B22A-6CAD9B7E79D9}.Release|Win32.Build.0 = Release|Win32
		{CF5933EA-A9E3-4A90-B22A-6CAD9B7E79D9}.Release|x64.ActiveCfg = Release|Win32
		{1D979487-DDC8-46B1-AD91-91A7E0A1B2ED}.Debug|Win32.ActiveCfg = Debug|Win32
		{1D979487-DDC8-46B1-AD91-91A7E0A1B2ED}.Debug|Win32.Build.0 = Debug|Win32
		{1D979487-DDC8-46B1-AD91-91A7E0A1B2ED}.Debug|x64.ActiveCfg = Debug|Win32
		{1D979487-DDC8-46B1-AD91-91A7E0A1B2ED}.Release|Win32.ActiveCfg = Release|Win32
		{1D979487-DDC8-46B1-AD91-91A7E0A1B2ED}.Release|Win32.Build.0 = Release|Win32
		{1D979487-DDC8-46B1-AD91-91A7E0A1B2ED}.Release|x64.ActiveCfg = Release|Win32
		{2D06C9B5-70F5-4BCE-9A2E-E5858AB5B273}.Debug|Win32.ActiveCfg = Debug|Win32
		{2D06C9B5-70F5-4BCE-9A2E-E5858AB5B273}.Debug|Win32.Build.0 = Debug|Win32
		{2D06C9B5-70F5-4BCE-9A2E-E5858AB5B273}.Debug|x64.ActiveCfg = Debug|Win32
		{2D06C9B5-70F5-4BCE-9A2E-E5858AB5B273}.Release|Win32.ActiveCfg = Release|Win32
		{2D06C9B5-70F5-4BCE-9A2E-E5858AB5B273}.Release|Win32.Build.0 = Release|Win32
		{2D06C9B5-70F5-4BCE-9A2E-E5858AB5B273}.Release|x64.ActiveCfg = Release|Win32
		{1DC5EF4B-3F28-424A-A33A-CFD85554B7EE}.Debug|Win32.ActiveCfg = Debug|Win32
		{1DC5EF4B-3F28-424A-A33A-CFD85554B7EE}.Debug|Win32.Build.0 = Debug|Win32
		{1DC5EF4B-3F28-424A-A33A-CFD85554B7EE}.Debug|x64.ActiveCfg = Debug|Win32
		{1DC5EF4B-3F28-424A-A33A-CFD85554B7EE}.Release|Win32.ActiveCfg = Release|Win32
		{1DC5EF4B-3F28-424A-A33A-CFD85554B7EE}.Release|Win32.Build.0 = Release|Win32
		{1DC5EF4B-3F28-424A-A33A-CFD85554B7EE}.Release|x64.ActiveCfg = Release|Win32
		{D12A0BFA-DF3B-4B8E-A210-D64448F9FA34}.Debug|Win32.ActiveCfg = Debug|Win32
		{D12A0BFA-DF3B-4B8E-A210-D64448F9FA34}.Debug|Win32.Build.0 = Debug|Win32
		{D12A0BFA-DF3B-4B8E-A210-D64448F9FA34}.Debug|x64.ActiveCfg = Debug|Win32
		{D12A0BFA-DF3B-4B8E-A210-D64448F9FA34}.Release|Win32.ActiveCfg = Release|Win32
		{D12A0BFA-DF3B-4B8E-A210-D64448F9FA34}.Release|Win32.Build.0 = Release|Win32
		{D12A0BFA-DF3B-4B8E-A210-D64448F9FA34}.Release|x64.ActiveCfg = Release|Win32
		{373E5823-D050-4CE5-899C-4C74A93D4A68}.Debug|Win32.ActiveCfg = Debug|Win32
		{373E5823-D050-4CE5-899C-4C74A93D4A68}.Debug|Win32.Build.0 = Debug|Win32
		{373E5823-D050-4CE5-899C-4C74A93D4A68}.Debug|x64.ActiveCfg = Debug|Win32
		{373E5823-D050-4CE5-899C-4C74A93D4A68}.Release|Win32.ActiveCfg = Release|Win32
		{373E5823-D050-4CE5-899C-4C74A93D4A68}.Release|Win32.Build.0 = Release|Win32
		{373E5823-D050-4CE5-899C-4C74A93D4A68}.Release|x64.ActiveCfg = Release|Win32
		{800921E2-60B5-4A81-834A-B398EC76CC31}.Debug|Win32.ActiveCfg = Debug|Win32
		{800921E2-60B5-4A81-834A-B398EC76CC31}.Debug|Win32.Build.0 = Debug|Win32
		{800921E2-60B5-4A81-834A-B398EC76CC31}.Debug|x64.ActiveCfg = Debug|Win32
		{800921E2-60B5-4A81-834A-B398EC76CC31}.Release|Win32.ActiveCfg = Release|Win32
		{800921E2-60B5-4A81-834A-B398EC76CC31}.Release|Win32.Build.0 = Release|Win32
		{800921E2-60B5-4A81-834A-B398EC76CC31}.Release|x64.ActiveCfg = Release|Win32
		{60B79504-D5C1-4E16-82CD-EEE00684F5AF}.Debug|Win32.ActiveCfg = Debug|Win32
		{60B79504-D5C1-4E16-82CD-EEE00684F5AF}.Debug|Win32.Build.0 = Debug|Win32
		{60B79504-D5C1-4E16-82CD-EEE00684F5AF}.Debug|x64.ActiveCfg = Debug|Win32
		{60B79504-D5C1-4E16-82CD-EEE00684F5AF}.Release|Win32.ActiveCfg = Release|Win32
		{60B79504-D5C1-4E16-82CD-EEE00684F5AF}.Release|Win32.Build.0 = Release|Win32
		{60B79504-D5C1-4E16-82CD-EEE00684F5AF}.Release|x64.ActiveCfg = Release|Win32
		{2A7F2789-7C71-45DD-B906-7B17A3360D10}.Debug|Win32.ActiveCfg = Debug|Win32
		{2A7F2789-7C71-45DD-B906-7B17A3360D10}.Debug|Win32.Build.0 = Debug|Win32
		{2A7F2789-7C71-45DD-B906-7B17A3360D10}.Debug|x64.ActiveCfg = Debug|Win32
		{2A7F2789-7C71-45DD-B906-7B17A3360D10}.Release|Win32.ActiveCfg = Release|Win32
		{2A7F2789-7C71-45DD-B906-7B17A3360D10}.Release|Win32.Build.0 = Release|Win32
		{2A7F2789-7C71-45DD-B906-7B17A3360D10}.Release|x64.ActiveCfg = Release|Win32
		{F7F8CDB9-6636-4D4F-B09E-261CA4E2DDE6}.Debug|Win32.ActiveCfg = Debug|Win32
		{F7F8CDB9-6636-4D4F-B09E-261CA4E2DDE6}.Debug|Win32.Build.0 = Debug|Win32
		{F7F8CDB9-6636-4D4F-B09E-261CA4E2DDE6}.Debug|x64.ActiveCfg = Debug|Win32
		{F7F8CDB9-6636-4D4F-B09E-261CA4E2DDE6}.Release|Win32.ActiveCfg = Release|Win32
		{F7F8CDB9-6636-4D4F-B09E-261CA4E2DDE6}.Release|Win32.Build.0 = Release|Win32
		{F7F8CDB9-6636-4D4F-B09E-261CA4E2DDE6}.Release|x64.ActiveCfg = Release|Win32
		{777251BF-F16F-4FAC-8BAE-E32F9CFE937E}.Debug|Win32.ActiveCfg = Debug|Win32
		{777251BF-F16F-4FAC-8BAE-E32F9CFE937E}.Debug|Win32.Build.0 = Debug|Win32
		{777251BF-F16F-4FAC-8BAE-E32F9CFE937E}.Debug|x64.ActiveCfg = Debug|Win32
		{777251BF-F16F-4FAC-8BAE-E32F9CFE937E}.Release|Win32.ActiveCfg = Release|Win32
		{777251BF-F16F-4FAC-8BAE-E32F9CFE937E}.Release|Win32.Build.0 = Release|Win32
		{777251BF-F16F-4FAC-8BAE-E32F9CFE937E}.Release|x64.ActiveCfg = Release|Win32
		{5C3F6CE4-3BB0-4E7A-8246-4D41EBF9C186}.Debug|Win32.ActiveCfg = Debug|Win32
		{5C3F6CE4-3BB0-4E7A-8246-4D41EBF9C186}.Debug|Win32.Build.0 = Debug|Win32
		{5C3F6CE4-3BB0-4E7A-8246-4D41EBF9C186}.Debug|x64.ActiveCfg = Debug|Win32
		{5C3F6CE4-3BB0-4E7A-8246-4D41EBF9C186}.Release|Win32.ActiveCfg = Release|Win32
		{5C3F6CE4-3BB0-4E7A-8246-4D41EBF9C186}.Release|Win32.Build.0 = Release|Win32
		{5C3F6CE4-3BB0-4E7A-8246-4D41EBF9C186}.Release|x64.ActiveCfg = Release|Win32
		{C68E03D3-2796-44C4-AC9A-666609B47395}.Debug|Win32.ActiveCfg = Debug|Win32
		{C68E03D3-2796-44C4-AC9A-666609B47395}.Debug|Win32.Build.0 = Debug|Win32
		{C68E03D3-2796-44C4-AC9A-666609B47395}.Debug|x64.ActiveCfg = Debug|Win32
		{C68E03D3-2796-44C4-AC9A-666609B47395}.Release|Win32.ActiveCfg = Release|Win32
		{C68E03D3-2796-44C4-AC9A-666609B47395}.Release|Win32.Build.0 = Release|Win32
		{C68E03D3-2796-44C4-AC9A-666609B47395}.Release|x64.ActiveCfg = Release|Win32
		{0C3EDC93-6590-4748-B11F-9B76BC97589E}.Debug|Win32.ActiveCfg = Debug|Win32
		{0C3EDC93-6590-4748-B11F-9B76BC97589E}.Debug|Win32.Build.0 = Debug|Win32
		{0C3EDC93-6590-4748-B11F-9B76BC97589E}.Debug|x64.ActiveCfg = Debug|Win32
		{0C3EDC93-6590-4748-B11F-9B76BC97589E}.Release|Win32.ActiveCfg = Release|Win32
		{0C3EDC93-6590-4748-B11F-9B76BC97589E}.Release|Win32.Build.0 = Release|Win32
		{0C3EDC93-6590-4748-B11F-9B76BC97589E}.Release|x64.ActiveCfg = Release|Win32
		{CEEB5A3E-512F-4D76-88F9-1A9B3951D40E}.Debug|Win32.ActiveCfg = Debug|Win32
		{CEEB5A3E-512F-4D76-88F9-1A9B3951D40E}.Debug|Win32.Build.0 = Debug|Win32
		{CEEB5A3E-512F-4D76-88F9-1A9B3951D40E}.Debug|x64.ActiveCfg = Debug|Win32
		{CEEB5A3E-512F-4D76-88F9-1A9B3951D40E}.Release|Win32.ActiveCfg = Release|Win32
		{CEEB5A3E-512F-4D76-88F9-1A9B3951D40E}.Release|Win32.Build.0 = Release|Win32
		{CEEB5A3E-512F-4D76-88F9-1A9B3951D40E}.Release|x64.ActiveCfg = Release|Win32
		{81C070FE-7316-40B0-BB32-B7D7253C5051}.Debug|Win32.ActiveCfg = Debug|Win32
		{81C070FE-7316-40B0-BB32-B7D7253C5051}.Debug|Win32.Build.0 = Debug|Win32
		{81C070FE-7316-40B0-BB32-B7D7253C5051}.Debug|x64.ActiveCfg = Debug|Win32
		{81C070FE-7316-40B0-BB32-B7D7253C5051}.Release|Win32.ActiveCfg = Release|Win32
		{81C070FE-7316-40B0-BB32-B7D7253C5051}.Release|Win32.Build.0 = Release|Win32
		{81C070FE-7316-40B0-BB32-B7D7253C5051}.Release|x64.ActiveCfg = Release|Win32
		{30919C98-388A-4702-B2FF-786C0D1E67EA}.Debug|Win32.ActiveCfg = Debug|Win32
		{30919C98-388A-4702-B2FF-786C0D1E67EA}.Debug|Win32.Build.0 = Debug|Win32
		{30919C98-388A-4702-B2FF-786C0D1E67EA}.Debug|x64.ActiveCfg = Debug|Win32
		{30919C98-388A-4702-B2FF-786C0D1E67EA}.Release|Win32.ActiveCfg = Release|Win32
		{30919C98-388A-4702-B2FF-786C0D1E67EA}.Release|Win32.Build.0 = Release|Win32
		{30919C98-388A-4702-B2FF-786C0D1E67EA}.Release|x64.ActiveCfg = Release|Win32
		{75841F8F-7013-4AA0-965A-0E58B8F16EC2}.Debug|Win32.ActiveCfg = Debug|Win32
		{75841F8F-7013-4AA0-965A-0E58B8F16EC2}.Debug|Win32.Build.0 = Debug|Win32
		{75841F8F-7013-4AA0-965A-0E58B8F16EC2}.Debug|x64.ActiveCfg = Debug|Win32
		{75841F8F-7013-4AA0-965A-0E58B8F16EC2}.Release|Win32.ActiveCfg = Release|Win32
		{75841F8F-7013-4AA0-965A-0E58B8F16EC2}.Release|Win32.Build.0 = Release|Win32
		{75841F8F-7013-4AA0-965A-0E58B8F16EC2}.Release|x64.ActiveCfg = Release|Win32
		{090C02D5-3B21-45FF-B642-5A515A214DC8}.Debug|Win32.ActiveCfg = Debug|Win32
		{090C02D5-3B21-45FF-B642-5A515A214DC8}.Debug|Win32.Build.0 = Debug|Win32
		{090C02D5-3B21-45FF-B642-5A515A214DC8}.Debug|x64.ActiveCfg = Debug|Win32
		{090C02D5-3B21-45FF-B642-5A515A214DC8}.Release|Win32.ActiveCfg = Release|Win32
		{090C02D5-3B21-45FF-B642-5A515A214DC8}.Release|Win32.Build.0 = Release|Win32
		{090C02D5-3B21-45FF-B642-5A515A214DC8}.Release|x64.ActiveCfg = Release|Win32
		{51B03D95-E8DC-4CCA-A77E-8B65315D98FE}.Debug|Win32.ActiveCfg = Debug|Win32
		{51B03D95-E8DC-4CCA-A77E-8B65315D98FE}.Debug|Win32.Build.0 = Debug|Win32
		{51B03D95-E8DC-4CCA-A77E-8B65315D98FE}.Debug|x64.ActiveCfg = Debug|Win32
		{51B03D95-E8DC-4CCA-A77E-8B65315D98FE}.Release|Win32.ActiveCfg = Release|Win32
		{51B03D95-E8DC-4CCA-A77E-8B65315D98FE}.Release|Win32.Build.0 = Release|Win32
		{51B03D95-E8DC-4CCA-A77E-8B65315D98FE}.Release|x64.ActiveCfg = Release|Win32
		{C5358412-9E10-46AA-BC5E-D3BC41B98E54}.Debug|Win32.ActiveCfg = Debug|Win32
		{C5358412-9E10-46AA-BC5E-D3BC41B98E54}.Debug|Win32.Build.0 = Debug|Win32
		{C5358412-9E10-46AA-BC5E-D3BC41B98E54}.Debug|x64.ActiveCfg = Debug|Win32
		{C5358412-9E10-46AA-BC5E-D3BC41B98E54}.Release|Win32.ActiveCfg = Release|Win32
		{C5358412-9E10-46AA-BC5E-D3BC41B98E54}.Release|Win32.Build.0 = Release|Win32
		{C5358412-9E10-46AA-BC5E-D3BC41B98E54}.Release|x64.ActiveCfg = Release|Win32
		{84F0D91C-8AED-429A-879B-D388677C83FB}.Debug|Win32.ActiveCfg = Debug|Win32
		{84F0D91C-8AED-429A-879B-D388677C83FB}.Debug|Win32.Build.0 = Debug|Win32
		{84F0D91C-8AED-429A-879B-D388677C83FB}.Debug|x64.ActiveCfg = Debug|Win32
		{84F0D91C-8AED-429A-879B-D388677C83FB}.Release|Win32.ActiveCfg = Release|Win32
		{84F0D91C-8AED-429A-879B-D388677C83FB}.Release|Win32.Build.0 = Release|Win32
		{84F0D91C-8AED-429A-879B-D388677C83FB}.Release|x64.ActiveCfg = Release|Win32
		{6DE1D320-078E-47F2-95AA-E0C37677596B}.Debug|Win32.ActiveCfg = Debug|Win32
		{6DE1D320-078E-47F2-95AA-E0C37677596B}.Debug|Win32.Build.0 = Debug|Win32
		{6DE1D320-078E-47F2-95AA-E0C37677596B}.Debug|x64.ActiveCfg = Debug|Win32
		{6DE1D320-078E-47F2-95AA-E0C37677596B}.Release|Win32.ActiveCfg = Release|Win32
		{6DE1D320-078E-47F2-95AA-E0C37677596B}.Release|Win32.Build.0 = Release|Win32
		{6DE1D320-078E-47F2-95AA-E0C37677596B}.Release|x64.ActiveCfg = Release|Win32
		{82EC2B0B-5E9C-4213-89C9-1F5E1A032834}.Debug|Win32.ActiveCfg = Debug|Win32
		{82EC2B0B-5E9C-4213-89C9-1F5E1A032834}.Debug|Win32.Build.0 = Debug|Win32
		{82EC2B0B-5E9C-4213-89C9-1F5E1A032834}.Debug|x64.ActiveCfg = Debug|Win32
		{82EC2B0B-5E9C-4213-89C9-1F5E1A032834}.Release|Win32.ActiveCfg = Release|Win32
		{82EC2B0B-5E9C-4213-89C9-1F5E1A032834}.Release|Win32.Build.0 = Release|Win32
		{82EC2B0B-5E9C-4213-89C9-1F5E1A032834}.Release|x64.ActiveCfg = Release|Win32
		{347F1B11-0E9D-4571-BD38-B59D4D022FB5}.Debug|Win32.ActiveCfg = Debug|Win32
		{347F1B11-0E9D-4571-BD38-B59D4D022FB5}.Debug|Win32.Build.0 = Debug|Win32
		{347F1B11-0E9D-4571-BD38-B59D4D022FB5}.Debug|x64.ActiveCfg = Debug|Win32
		{347F1B11-0E9D-4571-BD38-B59D4D022FB5}.Release|Win32.ActiveCfg = Release|Win32
		{347F1B11-0E9D-4571-BD38-B59D4D022FB5}.Release|Win32.Build.0 = Release|Win32
		{347F1B11-0E9D-4571-BD38-B59D4D022FB5}.Release|x64.ActiveCfg = Release|Win32
		{76A944AB-7616-4D0B-BEA9-17796B3EA7AA}.Debug|Win32.ActiveCfg = Debug|Win32
		{76A944AB-7616-4D0B-BEA9-17796B3EA7AA}.Debug|Win32.Build.0 = Debug|Win32
		{76A944AB-7616-4D0B-BEA9-17796B3EA7AA}.Debug|x64.ActiveCfg = Debug|Win32
		{76A944AB-7616-4D0B-BEA9-17796B3EA7AA}.Release|Win32.ActiveCfg = Release|Win32
		{76A944AB-7616-4D0B-BEA9-17796B3EA7AA}.Release|Win32.Build.0 = Release|Win32
		{76A944AB-7616-4D0B-BEA9-17796B3EA7AA}.Release|x64.ActiveCfg = Release|Win32
		{960547D2-DBEA-4EDB-90FA-8FA103432212}.Debug|Win32.ActiveCfg = Debug|Win32
		{960547D2-DBEA-4EDB-90FA-8FA103432212}.Debug|Win32.Build.0 = Debug|Win32
		{960547D2-DBEA-4EDB-90FA-8FA103432212}.Debug|x64.ActiveCfg = Debug|Win32
		{960547D2-DBEA-4EDB-90FA-8FA103432212}.Release|Win32.ActiveCfg = Release|Win32
		{960547D2-DBEA-4EDB-90FA-8FA103432212}.Release|Win32.Build.0 = Release|Win32
		{960547D2-DBEA-4EDB-90FA-8FA103432212}.Release|x64.ActiveCfg = Release|Win32
		{F2254487-FF42-4CA5-B430-9850B85BE7CE}.Debug|Win32.ActiveCfg = Debug|Win32
		{F2254487-FF42-4CA5-B430-9850B85BE7CE}.Debug|Win32.Build.0 = Debug|Win32
		{F2254487-FF42-4CA5-B430-9850B85BE7CE}.Debug|x64.ActiveCfg = Debug|x64
		{F2254487-FF42-4CA5-B430-9850B85BE7CE}.Debug|x64.Build.0 = Debug|x64
		{F2254487-FF42-4CA5-B430-9850B85BE7CE}.Release|Win32.ActiveCfg = Release|Win32
		{F2254487-FF42-4CA5-B430-9850B85BE7CE}.Release|Win32.Build.0 = Release|Win32
		{F2254487-FF42-4CA5-B430-9850B85BE7CE}.Release|x64.ActiveCfg = Release|x64
		{F2254487-FF42-4CA5-B430-9850B85BE7CE}.Release|x64.Build.0 = Release|x64
		{95245E68-AA1F-4F92-9FAB-543F8158A5A3}.Debug|Win32.ActiveCfg = Debug|Win32
		{95245E68-AA1F-4F92-9FAB-543F8158A5A3}.Debug|Win32.Build.0 = Debug|Win32
		{95245E68-AA1F-4F92-9FAB-543F8158A5A3}.Debug|x64.ActiveCfg = Debug|x64
		{95245E68-AA1F-4F92-9FAB-543F8158A5A3}.Debug|x64.Build.0 = Debug|x64
		{95245E68-AA1F-4F92-9FAB-543F8158A5A3}.Release|Win32.ActiveCfg = Release|Win32
		{95245E68-AA1F-4F92-9FAB-543F8158A5A3}.Release|Win32.Build.0 = Release|Win32
		{95245E68-AA1F-4F92-9FAB-543F8158A5A3}.Release|x64.ActiveCfg = Release|x64
		{95245E68-AA1F-4F92-9FAB-543F8158A5A3}.Release|x64.Build.0 = Release|x64
		{9041BC72-88CE-4DBB-915B-9415F3698C94}.Debug|Win32.ActiveCfg = Debug|Win32
		{9041BC72-88CE-4DBB-915B-9415F3698C94}.Debug|Win32.Build.0 = Debug|Win32
		{9041BC72-88CE-4DBB-915B-9415F3698C94}.Debug|x64.ActiveCfg = Debug|x64
		{9041BC72-88CE-4DBB-915B-9415F3698C94}.Debug|x64.Build.0 = Debug|x64
		{9041BC72-88CE-4DBB-915B-9415F3698C94}.Release|Win32.ActiveCfg = Release|Win32
		{9041BC72-88CE-4DBB-915B-9415F3698C94}.Release|Win32.Build.0 = Release|Win32
		{9041BC72-88CE-4DBB-915B-9415F3698C94}.Release|x64.ActiveCfg = Release|x64
		{9041BC72-88CE-4DBB-915B-9415F3698C94}.Release|x64.Build.0 = Release|x64
		{B08E27E0-F222-428C-B097-B6B948535BDD}.Debug|Win32.ActiveCfg = Debug|Win32
		{B08E27E0-F222-428C-B097-B6B948535BDD}.Debug|Win32.Build.0 = Debug|Win32
		{B08E27E0-F222-428C-B097-B6B948535BDD}.Debug|x64.ActiveCfg = Debug|x64
		{B08E27E0-F222-428C-B097-B6B948535BDD}.Debug|x64.Build.0 = Debug|x64
		{B08E27E0-F222-428C-B097-B6B948535BDD}.Release|Win32.ActiveCfg = Release|Win32
		{B08E27E0-F222-428C-B097-B6B948535BDD}.Release|Win32.Build.0 = Release|Win32
		{B08E27E0-F222-428C-B097-B6B948535BDD}.Release|x64.ActiveCfg = Release|x64
		{B08E27E0-F222-428C-B097-B6B948535BDD}.Release|x64.Build.0 = Release|x64
		{581DCEF5-954C-4EF2-A9A1-4B6A887F4D0F}.Debug|Win32.ActiveCfg = Debug|Win32
		{581DCEF5-954C-4EF2-A9A1-4B6A887F4D0F}.Debug|Win32.Build.0 = Debug|Win32
		{581DCEF5-954C-4EF2-A9A1-4B6A887F4D0F}.Debug|x64.ActiveCfg = Debug|x64
		{581DCEF5-954C-4EF2-A9A1-4B6A887F4D0F}.Debug|x64.Build.0 = Debug|x64
		{581DCEF5-954C-4EF2-A9A1-4B6A887F4D0F}.Release|Win32.ActiveCfg = Release|Win32
		{581DCEF5-954C-4EF2-A9A1-4B6A887F4D0F}.Release|Win32.Build.0 = Release|Win32
		{581DCEF5-954C-4EF2-A9A1-4B6A887F4D0F}.Release|x64.ActiveCfg = Release|x64
		{581DCEF5-954C-4EF2-A9A1-4B6A887F4D0F}.Release|x64.Build.0 = Release|x64
		{7F8B2A83-7C63-4951-B8C5-C5A089B32359}.Debug|Win32.ActiveCfg = Debug|Win32
		{7F8B2A83-7C63-4951-B8C5-C5A089B32359}.Debug|Win32.Build.0 = Debug|Win32
		{7F8B2A83-7C63-4951-B8C5-C5A089B32359}.Debug|x64.ActiveCfg = Debug|x64
		{7F8B2A83-7C63-4951-B8C5-C5A089B32359}.Debug|x64.Build.0 = Debug|x64
		{7F8B2A83-7C63-4951-B8C5-C5A089B32359}.Release|Win32.ActiveCfg = Release|Win32
		{7F8B2A83-7C63-4951-B8C5-C5A089B32359}.Release|Win32.Build.0 = Release|Win32
		{7F8B2A83-7C63-4951-B8C5-C5A089B32359}.Release|x64.ActiveCfg = Release|x64
		{7F8B2A83-7C63-4951-B8C5-C5A089B32359}.Release|x64.Build.0 = Release|x64
		{480F6E50-A6F4-43B2-8138-74BB48C21620}.Debug|Win32.ActiveCfg = Debug|Win32
		{480F6E50-A6F4-43B2-8138-74BB48C21620}.Debug|Win32.Build.0 = Debug|Win32
		{480F6E50-A6F4-43B2-8138-74BB48C21620}.Debug|x64.ActiveCfg = Debug|x64
		{480F6E50-A6F4-43B2-8138-74BB48C21620}.Debug|x64.Build.0 = Debug|x64
		{480F6E50-A6F4-43B2-8138-74BB48C21620}.Release|Win32.ActiveCfg = Release|Win32
		{480F6E50-A6F4-43B2-8138-74BB48C21620}.Release|Win32.Build.0 = Release|Win32
		{480F6E50-A6F4-43B2-8138-74BB48C21620}.Release|x64.ActiveCfg = Release|x64
		{480F6E50-A6F4-43B2-8138-74BB48C21620}.Release|x64.Build.0 = Release|x64
		{0D419F8E-9F43-4D75-901C-249D8AE769BA}.Debug|Win32.ActiveCfg = Debug|Win32
		{0D419F8E-9F43-4D75-901C-249D8AE769BA}.Debug|Win32.Build.0 = Debug|Win32
		{0D419F8E-9F43-4D75-901C-249D8AE769BA}.Debug|x64.ActiveCfg = Debug|x64
		{0D419F8E-9F43-4D75-901C-249D8AE769BA}.Debug|x64.Build.0 = Debug|x64
		{0D419F8E-9F43-4D75-901C-249D8AE769BA}.Release|Win32.ActiveCfg = Release|Win32
		{0D419F8E-9F43-4D75-901C-249D8AE769BA}.Release|Win32.Build.0 = Release|Win32
		{0D419F8E-9F43-4D75-901C-249D8AE769BA}.Release|x64.ActiveCfg = Release|x64
		{0D419F8E-9F43-4D75-901C-249D8AE769BA}.Release|x64.Build.0 = Release|x64
		{22DF4A9D-A7C6-425C-A5C3-05ECA1B18038}.Debug|Win32.ActiveCfg = Debug|Win32
		{22DF4A9D-A7C6-425C-A5C3-05ECA1B18038}.Debug|Win32.Build.0 = Debug|Win32
		{22DF4A9D-A7C6-425C-A5C3-05ECA1B18038}.Debug|x64.ActiveCfg = Debug|x64
		{22DF4A9D-A7C6-425C-A5C3-05ECA1B18038}.Debug|x64.Build.0 = Debug|x64
		{22DF4A9D-A7C6-425C-A5C3-05ECA1B18038}.Release|Win32.ActiveCfg = Release|Win32
		{22DF4A9D-A7C6-425C-A5C3-05ECA1B18038}.Release|Win32.Build.0 = Release|Win32
		{22DF4A9D-A7C6-425C-A5C3-05ECA1B18038}.Release|x64.ActiveCfg = Release|x64
		{22DF4A9D-A7C6-425C-A5C3-05ECA1B18038}.Release|x64.Build.0 = Release|x64
		{225BA9A8-53F0-47FC-B88B-F126DB70CE1D}.Debug|Win32.ActiveCfg = Debug|Win32
		{225BA9A8-53F0-47FC-B88B-F126DB70CE1D}.Debug|Win32.Build.0 = Debug|Win32
		{225BA9A8-53F0-47FC-B88B-F126DB70CE1D}.Debug|x64.ActiveCfg = Debug|x64
		{225BA9A8-53F0-47FC-B88B-F126DB70CE1D}.Debug|x64.Build.0 = Debug|x64
		{225BA9A8-53F0-47FC-B88B-F126DB70CE1D}.Release|Win32.ActiveCfg = Release|Win32
		{225BA9A8-53F0-47FC-B88B-F126DB70CE1D}.Release|Win32.Build.0 = Release|Win32
		{225BA9A8-53F0-47FC-B88B-F126DB70CE1D}.Release|x64.ActiveCfg = Release|x64
		{225BA9A8-53F0-47FC-B88B-F126DB70CE1D}.Release|x64.Build.0 = Release|x64
		{3C253C08-41C6-416F-A482-785820A835AB}.Debug|Win32.ActiveCfg = Debug|Win32
		{3C253C08-41C6-416F-A482-785820A835AB}.Debug|Win32.Build.0 = Debug|Win32
		{3C253C08-41C6-416F-A482-785820A835AB}.Debug|x64.ActiveCfg = Debug|x64
		{3C253C08-41C6-416F-A482-785820A835AB}.Debug|x64.Build.0 = Debug|x64
		{3C253C08-41C6-416F-A482-785820A835AB}.Release|Win32.ActiveCfg = Release|Win32
		{3C253C08-41C6-416F-A482-785820A835AB}.Release|Win32.Build.0 = Release|Win32
		{3C253C08-41C6-416F-A482-785820A835AB}.Release|x64.ActiveCfg = Release|x64
		{3C253C08-41C6-416F-A482-785820A835AB}.Release|x64.Build.0 = Release|x64
		{CB7927DA-5B00-46BB-8C30-842F0C48D45B}.Debug|Win32.ActiveCfg = Debug|Win32
		{CB7927DA-5B00-46BB-8C30-842F0C48D45B}.Debug|Win32.Build.0 = Debug|Win32
		{CB7927DA-5B00-46BB-8C30-842F0C48D45B}.Debug|x64.ActiveCfg = Debug|x64
		{CB7927DA-5B00-46BB-8C30-842F0C48D45B}.Debug|x64.Build.0 = Debug|x64
		{CB7927DA-5B00-46BB-8C30-842F0C48D45B}.Release|Win32.ActiveCfg = Release|Win32
		{CB7927DA-5B00-46BB-8C30-842F0C48D45B}.Release|Win32.Build.0 = Release|Win32
		{CB7927DA-5B00-46BB-8C30-842F0C48D45B}.Release|x64.ActiveCfg = Release|x64
		{CB7927DA-5B00-46BB-8C30-842F0C48D45B}.Release|x64.Build.0 = Release|x64
		{9FBE71B6-ED7B-4799-9A94-39D1B0AB6ADB}.Debug|Win32.ActiveCfg = Debug|Win32
		{9FBE71B6-ED7B-4799-9A94-39D1B0AB6ADB}.Debug|Win32.Build.0 = Debug|Win32
		{9FBE71B6-ED7B-4799-9A94-39D1B0AB6ADB}.Debug|x64.ActiveCfg = Debug|x64
		{9FBE71B6-ED7B-4799-9A94-39D1B0AB6ADB}.Debug|x64.Build.0 = Debug|x64
		{9FBE71B6-ED7B-4799-9A94-39D1B0AB6ADB}.Release|Win32.ActiveCfg = Release|Win32
		{9FBE71B6-ED7B-4799-9A94-39D1B0AB6ADB}.Release|Win32.Build.0 = Release|Win32
		{9FBE71B6-ED7B-4799-9A94-39D1B0AB6ADB}.Release|x64.ActiveCfg = Release|x64
		{9FBE71B6-ED7B-4799-9A94-39D1B0AB6ADB}.Release|x64.Build.0 = Release|x64
		{D8C8BE34-02EB-4E50-A1C8-BEC8248F68BF}.Debug|Win32.ActiveCfg = Debug|Win32
		{D8C8BE34-02EB-4E50-A1C8-BEC8248F68BF}.Debug|Win32.Build.0 = Debug|Win32
		{D8C8BE34-02EB-4E50-A1C8-BEC8248F68BF}.Debug|x64.ActiveCfg = Debug|x64
		{D8C8BE34-02EB-4E50-A1C8-BEC8248F68BF}.Debug|x64.Build.0 = Debug|x64
		{D8C8BE34-02EB-4E50-A1C8-BEC8248F68BF}.Release|Win32.ActiveCfg = Release|Win32
		{D8C8BE34-02EB-4E50-A1C8-BEC8248F68BF}.Release|Win32.Build.0 = Release|Win32
		{D8C8BE34-02EB-4E50-A1C8-BEC8248F68BF}.Release|x64.ActiveCfg = Release|x64
		{D8C8BE34-02EB-4E50-A1C8-BEC8248F68BF}.Release|x64.Build.0 = Release|x64
		{A77CC538-0F2D-4399-AA27-294156C3ACDF}.Debug|Win32.ActiveCfg = Debug|Win32
		{A77CC538-0F2D-4399-AA27-294156C3ACDF}.Debug|Win32.Build.0 = Debug|Win32
		{A77CC538-0F2D-4399-AA27-294156C3ACDF}.Debug|x64.ActiveCfg = Debug|x64
		{A77CC538-0F2D-4399-AA27-294156C3ACDF}.Debug|x64.Build.0 = Debug|x64
		{A77CC538-0F2D-4399-AA27-294156C3ACDF}.Release|Win32.ActiveCfg = Release|Win32
		{A77CC538-0F2D-4399-AA27-294156C3ACDF}.Release|Win32.Build.0 = Release|Win32
		{A77CC538-0F2D-4399-AA27-294156C3ACDF}.Release|x64.ActiveCfg = Release|x64
		{A77CC538-0F2D-4399-AA27-294156C3ACDF}.Release|x64.Build.0 = Release|x64
		{B7E5B830-E44A-468F-8C35-2C979DCC10DC}.Debug|Win32.ActiveCfg = Debug|Win32
		{B7E5B830-E44A-468F-8C35-2C979DCC10DC}.Debug|Win32.Build.0 = Debug|Win32
		{B7E5B830-E44A-468F-8C35-2C979DCC10DC}.Debug|x64.ActiveCfg = Debug|x64
		{B7E5B830-E44A-468F-8C35-2C979DCC10DC}.Debug|x64.Build.0 = Debug|x64
		{B7E5B830-E44A-468F-8C35-2C979DCC10DC}.Release|Win32.ActiveCfg = Release|Win32
		{B7E5B830-E44A-468F-8C35-2C979DCC10DC}.Release|Win32.Build.0 = Release|Win32
		{B7E5B830-E44A-468F-8C35-2C979DCC10DC}.Release|x64.ActiveCfg = Release|x64
		{B7E5B830-E44A-468F-8C35-2C979DCC10DC}.Release|x64.Build.0 = Release|x64
		{966D7B95-84A7-47C9-BA71-BDBD156E3562}.Debug|Win32.ActiveCfg = Debug|Win32
		{966D7B95-84A7-47C9-BA71-BDBD156E3562}.Debug|Win32.Build.0 = Debug|Win32
		{966D7B95-84A7-47C9-BA71-BDBD156E3562}.Debug|x64.ActiveCfg = Debug|x64
		{966D7B95-84A7-47C9-BA71-BDBD156E3562}.Debug|x64.Build.0 = Debug|x64
		{966D7B95-84A7-47C9-BA71-BDBD156E3562}.Release|Win32.ActiveCfg = Release|Win32
		{966D7B95-84A7-47C9-BA71-BDBD156E3562}.Release|Win32.Build.0 = Release|Win32
		{966D7B95-84A7-47C9-BA71-BDBD156E3562}.Release|x64.ActiveCfg = Release|x64
		{966D7B95-84A7-47C9-BA71-BDBD156E3562}.Release|x64.Build.0 = Release|x64
		{26A13A27-C8EA-4622-AFBD-15CBE0A2AEB6}.Debug|Win32.ActiveCfg = Debug|Win32
		{26A13A27-C8EA-4622-AFBD-15CBE0A2AEB6}.Debug|Win32.Build.0 = Debug|Win32
		{26A13A27-C8EA-4622-AFBD-15CBE0A2AEB6}.Debug|x64.ActiveCfg = Debug|x64
		{26A13A27-C8EA-4622-AFBD-15CBE0A2AEB6}.Debug|x64.Build.0 = Debug|x64
		{26A13A27-C8EA-4622-AFBD-15CBE0A2AEB6}.Release|Win32.ActiveCfg = Release|Win32
		{26A13A27-C8EA-4622-AFBD-15CBE0A2AEB6}.Release|Win32.Build.0 = Release|Win32
		{26A13A27-C8EA-4622-AFBD-15CBE0A2AEB6}.Release|x64.ActiveCfg = Release|x64
		{26A13A27-C8EA-4622-AFBD-15CBE0A2AEB6}.Release|x64.Build.0 = Release|x64
		{FA2BC2DD-8CB0-4361-BC76-2C5E904E0AE9}.Debug|Win32.ActiveCfg = Debug|Win32
		{FA2BC2DD-8CB0-4361-BC76-2C5E904E0AE9}.Debug|Win32.Build.0 = Debug|Win32
		{FA2BC2DD-8CB0-4361-BC76-2C5E904E0AE9}.Debug|x64.ActiveCfg = Debug|x64
		{FA2BC2DD-8CB0-4361-BC76-2C5E904E0AE9}.Debug|x64.Build.0 = Debug|x64
		{FA2BC2DD-8CB0-4361-BC76-2C5E904E0AE9}.Release|Win32.ActiveCfg = Release|Win32
		{FA2BC2DD-8CB0-4361-BC76-2C5E904E0AE9}.Release|Win32.Build.0 = Release|Win32
		{FA2BC2DD-8CB0-4361-BC76-2C5E904E0AE9}.Release|x64.ActiveCfg = Release|x64
		{FA2BC2DD-8CB0-4361-BC76-2C5E904E0AE9}.Release|x64.Build.0 = Release|x64
		{B1FB3AF2-3335-4FFE-9C5E-F86E258D9500}.Debug|Win32.ActiveCfg = Debug|Win32
		{B1FB3AF2-3335-4FFE-9C5E-F86E258D9500}.Debug|Win32.Build.0 = Debug|Win32
		{B1FB3AF2-3335-4FFE-9C5E-F86E258D9500}.Debug|x64.ActiveCfg = Debug|x64
		{B1FB3AF2-3335-4FFE-9C5E-F86E258D9500}.Debug|x64.Build.0 = Debug|x64
		{B1FB3AF2-3335-4FFE-9C5E-F86E258D9500}.Release|Win32.ActiveCfg = Release|Win32
		{B1FB3AF2-3335-4FFE-9C5E-F86E258D9500}.Release|Win32.Build.0 = Release|Win32
		{B1FB3AF2-3335-4FFE-9C5E-F86E258D9500}.Release|x64.ActiveCfg = Release|x64
		{B1FB3AF2-3335-4FFE-9C5E-F86E258D9500}.Release|x64.Build.0 = Release|x64
		{373FAD8E-9AD1-49D6-A79A-4761AD7B1880}.Debug|Win32.ActiveCfg = Debug|Win32
		{373FAD8E-9AD1-49D6-A79A-4761AD7B1880}.Debug|Win32.Build.0 = Debug|Win32
		{373FAD8E-9AD1-49D6-A79A-4761AD7B1880}.Debug|x64.ActiveCfg = Debug|x64
		{373FAD8E-9AD1-49D6-A79A-4761AD7B1880}.Debug|x64.Build.0 = Debug|x64
		{373FAD8E-9AD1-49D6-A79A-4761AD7B1880}.Release|Win32.ActiveCfg = Release|Win32
		{373FAD8E-9AD1-49D6-A79A-4761AD7B1880}.Release|Win32.Build.0 = Release|Win32
		{373FAD8E-9AD1-49D6-A79A-4761AD7B1880}.Release|x64.ActiveCfg = Release|x64
		{373FAD8E-9AD1-49D6-A79A-4761AD7B1880}.Release|x64.Build.0 = Release|x64
		{0D4D19F4-3DB2-4CAC-95EA-3447B5F9C761}.Debug|Win32.ActiveCfg = Debug|Win32
		{0D4D19F4-3DB2-4CAC-95EA-3447B5F9C761}.Debug|Win32.Build.0 = Debug|Win32
		{0D4D19F4-3DB2-4CAC-95EA-3447B5F9C761}.Debug|x64.ActiveCfg = Debug|x64
		{0D4D19F4-3DB2-4CAC-95EA-3447B5F9C761}.Debug|x64.Build.0 = Debug|x64
		{0D4D19F4-3DB2-4CAC-95EA-3447B5F9C761}.Release|Win32.ActiveCfg = Release|Win32
		{0D4D19F4-3DB2-4CAC-95EA-3447B5F9C761}.Release|Win32.Build.0 = Release|Win32
		{0D4D19F4-3DB2-4CAC-95EA-3447B5F9C761}.Release|x64.ActiveCfg = Release|x64
		{0D4D19F4-3DB2-4CAC-95EA-3447B5F9C761}.Release|x64.Build.0 = Release|x64
		{8AECC731-272E-4C01-B887-70D0A6253FFC}.Debug|Win32.ActiveCfg = Debug|Win32
		{8AECC731-272E-4C01-B887-70D0A6253FFC}.Debug|Win32.Build.0 = Debug|Win32
		{8AECC731-272E-4C01-B887-70D0A6253FFC}.Debug|x64.ActiveCfg = Debug|x64
		{8AECC731-272E-4C01-B887-70D0A6253FFC}.Debug|x64.Build.0 = Debug|x64
		{8AECC731-272E-4C01-B887-70D0A6253FFC}.Release|Win32.ActiveCfg = Release|Win32
		{8AECC731-272E-4C01-B887-70D0A6253FFC}.Release|Win32.Build.0 = Release|Win32
		{8AECC731-272E-4C01-B887-70D0A6253FFC}.Release|x64.ActiveCfg = Release|x64
		{8AECC731-272E-4C01-B887-70D0A6253FFC}.Release|x64.Build.0 = Release|x64
		{C2F5A28D-2C66-466E-AEBF-B1DE766FC0C6}.Debug|Win32.ActiveCfg = Debug|Win32
		{C2F5A28D-2C66-466E-AEBF-B1DE766FC0C6}.Debug|Win32.Build.0 = Debug|Win32
		{C2F5A28D-2C66-466E-AEBF-B1DE766FC0C6}.Debug|x64.ActiveCfg = Debug|x64
		{C2F5A28D-2C66-466E-AEBF-B1DE766FC0C6}.Debug|x64.Build.0 = Debug|x64
		{C2F5A28D-2C66-466E-AEBF-B1DE766FC0C6}.Release|Win32.ActiveCfg = Release|Win32
		{C2F5A28D-2C66-466E-AEBF-B1DE766FC0C6}.Release|Win32.Build.0 = Release|Win32
		{C2F5A28D-2C66-466E-AEBF-B1DE766FC0C6}.Release|x64.ActiveCfg = Release|x64
		{C2F5A28D-2C66-466E-AEBF-B1DE766FC0C6}.Release|x64.Build.0 = Release|x64
		{E4FA3316-6627-4D31-AAB8-3C038DFE5095}.Debug|Win32.ActiveCfg = Debug|Win32
		{E4FA3316-6627-4D31-AAB8-3C038DFE5095}.Debug|Win32.Build.0 = Debug|Win32
		{E4FA3316-6627-4D31-AAB8-3C038DFE5095}.Debug|x64.ActiveCfg = Debug|x64
		{E4FA3316-6627-4D31-AAB8-3C038DFE5095}.Debug|x64.Build.0 = Debug|x64
		{E4FA3316-6627-4D31-AAB8-3C038DFE5095}.Release|Win32.ActiveCfg = Release|Win32
		{E4FA3316-6627-4D31-AAB8-3C038DFE5095}.Release|Win32.Build.0 = Release|Win32
		{E4FA3316-6627-4D31-AAB8-3C038DFE5095}.Release|x64.ActiveCfg = Release|x64
		{E4FA3316-6627-4D31-AAB8-3C038DFE5095}.Release|x64.Build.0 = Release|x64
		{D4E803E4-0D98-4B52-9F0F-D56EAF57F455}.Debug|Win32.ActiveCfg = Debug|Win32
		{D4E803E4-0D98-4B52-9F0F-D56EAF57F455}.Debug|Win32.Build.0 = Debug|Win32
		{D4E803E4-0D98-4B52-9F0F-D56EAF57F455}.Debug|x64.ActiveCfg = Debug|x64
		{D4E803E4-0D98-4B52-9F0F-D56EAF57F455}.Debug|x64.Build.0 = Debug|x64
		{D4E803E4-0D98-4B52-9F0F-D56EAF57F455}.Release|Win32.ActiveCfg = Release|Win32
		{D4E803E4-0D98-4B52-9F0F-D56EAF57F455}.Release|Win32.Build.0 = Release|Win32
		{D4E803E4-0D98-4B52-9F0F-D56EAF57F455}.Release|x64.ActiveCfg = Release|x64
		{D4E803E4-0D98-4B52-9F0F-D56EAF57F455}.Release|x64.Build.0 = Release|x64
		{569A5CDC-4448-4D18-8912-69956D29AEF7}.Debug|Win32.ActiveCfg = Debug|Win32
		{569A5CDC-4448-4D18-8912-69956D29AEF7}.Debug|Win32.Build.0 = Debug|Win32
		{569A5CDC-4448-4D18-8912-69956D29AEF7}.Debug|x64.ActiveCfg = Debug|x64
		{569A5CDC-4448-4D18-8912-69956D29AEF7}.Debug|x64.Build.0 = Debug|x64
		{569A5CDC-4448-4D18-8912-69956D29AEF7}.Release|Win32.ActiveCfg = Release|Win32
		{569A5CDC-4448-4D18-8912-69956D29AEF7}.Release|Win32.Build.0 = Release|Win32
		{569A5CDC-4448-4D18-8912-69956D29AEF7}.Release|x64.ActiveCfg = Release|x64
		{569A5CDC-4448-4D18-8912-69956D29AEF7}.Release|x64.Build.0 = Release|x64
		{C3EC2644-1C6A-4E23-B33A-C93669C9AD02}.Debug|Win32.ActiveCfg = Debug|Win32
		{C3EC2644-1C6A-4E23-B33A-C93669C9AD02}.Debug|Win32.Build.0 = Debug|Win32
		{C3EC2644-1C6A-4E23-B33A-C93669C9AD02}.Debug|x64.ActiveCfg = Debug|x64
		{C3EC2644-1C6A-4E23-B33A-C93669C9AD02}.Debug|x64.Build.0 = Debug|x64
		{C3EC2644-1C6A-4E23-B33A-C93669C9AD02}.Release|Win32.ActiveCfg = Release|Win32
		{C3EC2644-1C6A-4E23-B33A-C93669C9AD02}.Release|Win32.Build.0 = Release|Win32
		{C3EC2644-1C6A-4E23-B33A-C93669C9AD02}.Release|x64.ActiveCfg = Release|x64
		{C3EC2644-1C6A-4E23-B33A-C93669C9AD02}.Release|x64.Build.0 = Release|x64
		{8FED1625-4277-4457-BE61-267F324CF018}.Debug|Win32.ActiveCfg = Debug|Win32
		{8FED1625-4277-4457-BE61-267F324CF018}.Debug|Win32.Build.0 = Debug|Win32
		{8FED1625-4277-4457-BE61-267F324CF018}.Debug|x64.ActiveCfg = Debug|x64
		{8FED1625-4277-4457-BE61-267F324CF018}.Debug|x64.Build.0 = Debug|x64
		{8FED1625-4277-4457-BE61-267F324CF018}.Release|Win32.ActiveCfg = Release|Win32
		{8FED1625-4277-4457-BE61-267F324CF018}.Release|Win32.Build.0 = Release|Win32
		{8FED1625-4277-4457-BE61-267F324CF018}.Release|x64.ActiveCfg = Release|x64
		{8FED1625-4277-4457-BE61-267F324CF018}.Release|x64.Build.0 = Release|x64
		{553DD432-E9F5-4C8E-95A3-08F95435641D}.Debug|Win32.ActiveCfg = Debug|Win32
		{553DD432-E9F5-4C8E-95A3-08F95435641D}.Debug|Win32.Build.0 = Debug|Win32
		{553DD432-E9F5-4C8E-95A3-08F95435641D}.Debug|x64.ActiveCfg = Debug|x64
		{553DD432-E9F5-4C8E-95A3-08F95435641D}.Debug|x64.Build.0 = Debug|x64
		{553DD432-E9F5-4C8E-95A3-08F95435641D}.Release|Win32.ActiveCfg = Release|Win32
		{553DD432-E9F5-4C8E-95A3-08F95435641D}.Release|Win32.Build.0 = Release|Win32
		{553DD432-E9F5-4C8E-95A3-08F95435641D}.Release|x64.ActiveCfg = Release|x64
		{553DD432-E9F5-4C8E-95A3-08F95435641D}.Release|x64.Build.0 = Release|x64
		{BC0E12B5-4DEE-4E2A-802B-69E19D43AAF3}.Debug|Win32.ActiveCfg = Debug|Win32
		{BC0E12B5-4DEE-4E2A-802B-69E19D43AAF3}.Debug|Win32.Build.0 = Debug|Win32
		{BC0E12B5-4DEE-4E2A-802B-69E19D43AAF3}.Debug|x64.ActiveCfg = Debug|x64
		{BC0E12B5-4DEE-4E2A-802B-69E19D43AAF3}.Debug|x64.Build.0 = Debug|x64
		{BC0E12B5-4DEE-4E2A-802B-69E19D43AAF3}.Release|Win32.ActiveCfg = Release|Win32
		{BC0E12B5-4DEE-4E2A-802B-69E19D43AAF3}.Release|Win32.Build.0 = Release|Win32
		{BC0E12B5-4DEE-4E2A-802B-69E19D43AAF3}.Release|x64.ActiveCfg = Release|x64
		{BC0E12B5-4DEE-4E2A-802B-69E19D43AAF3}.Release|x64.Build.0 = Release|x64
		{8C33E97E-E730-4523-9775-5390F8CCB7FB}.Debug|Win32.ActiveCfg = Debug|Win32
		{8C33E97E-E730-4523-9775-5390F8CCB7FB}.Debug|Win32.Build.0 = Debug|Win32
		{8C33E97E-E730-4523-9775-5390F8CCB7FB}.Debug|x64.ActiveCfg = Debug|x64
		{8C33E97E-E730-4523-9775-5390F8CCB7FB}.Debug|x64.Build.0 = Debug|x64
		{8C33E97E-E730-4523-9775-5390F8CCB7FB}.Release|Win32.ActiveCfg = Release|Win32
		{8C33E97E-E730-4523-9775-5390F8CCB7FB}.Release|Win32.Build.0 = Release|Win32
		{8C33E97E-E730-4523-9775-5390F8CCB7FB}.Release|x64.ActiveCfg = Release|x64
		{8C33E97E-E730-4523-9775-5390F8CCB7FB}.Release|x64.Build.0 = Release|x64
		{1D171F83-7B5A-4674-A252-098FD3D4B359}.Debug|Win32.ActiveCfg = Debug|Win32
		{1D171F83-7B5A-4674-A252-098FD3D4B359}.Debug|Win32.Build.0 = Debug|Win32
		{1D171F83-7B5A-4674-A252-098FD3D4B359}.Debug|x64.ActiveCfg = Debug|x64
		{1D171F83-7B5A-4674-A252-098FD3D4B359}.Debug|x64.Build.0 = Debug|x64
		{1D171F83-7B5A-4674-A252-098FD3D4B359}.Release|Win32.ActiveCfg = Release|Win32
		{1D171F83-7B5A-4674-A252-098FD3D4B359}.Release|Win32.Build.0 = Release|Win32
		{1D171F83-7B5A-4674-A252-098FD3D4B359}.Release|x64.ActiveCfg = Release|x64
		{1D171F83-7B5A-4674-A252-098FD3D4B359}.Release|x64.Build.0 = Release|x64
		{891044F4-E852-46E9-81BC-005C46FB5A55}.Debug|Win32.ActiveCfg = Debug|Win32
		{891044F4-E852-46E9-81BC-005C46FB5A55}.Debug|Win32.Build.0 = Debug|Win32
		{891044F4-E852-46E9-81BC-005C46FB5A55}.Debug|x64.ActiveCfg = Debug|x64
		{891044F4-E852-46E9-81BC-005C46FB5A55}.Debug|x64.Build.0 = Debug|x64
		{891044F4-E852-46E9-81BC-005C46FB5A55}.Release|Win32.ActiveCfg = Release|Win32
		{891044F4-E852-46E9-81BC-005C46FB5A55}.Release|Win32.Build.0 = Release|Win32
		{891044F4-E852-46E9-81BC-005C46FB5A55}.Release|x64.ActiveCfg = Release|x64
		{891044F4-E852-46E9-81BC-005C46FB5A55}.Release|x64.Build.0 = Release|x64
		{6C17BBA7-727C-423E-AC5D-0652A65AE5D0}.Debug|Win32.ActiveCfg = Debug|Win32
		{6C17BBA7-727C-423E-AC5D-0652A65AE5D0}.Debug|Win32.Build.0 = Debug|Win32
		{6C17BBA7-727C-423E-AC5D-0652A65AE5D0}.Debug|x64.ActiveCfg = Debug|x64
		{6C17BBA7-727C-423E-AC5D-0652A65AE5D0}.Debug|x64.Build.0 = Debug|x64
		{6C17BBA7-727C-423E-AC5D-0652A65AE5D0}.Release|Win32.ActiveCfg = Release|Win32
		{6C17BBA7-727C-423E-AC5D-0652A65AE5D0}.Release|Win32.Build.0 = Release|Win32
		{6C17BBA7-727C-423E-AC5D-0652A65AE5D0}.Release|x64.ActiveCfg = Release|x64
		{6C17BBA7-727C-423E-AC5D-0652A65AE5D0}.Release|x64.Build.0 = Release|x64
		{9BC9DB35-EC91-4C7C-84F3-541849B338E4}.Debug|Win32.ActiveCfg = Debug|Win32
		{9BC9DB35-EC91-4C7C-84F3-541849B338E4}.Debug|Win32.Build.0 = Debug|Win32
		{9BC9DB35-EC91-4C7C-84F3-541849B338E4}.Debug|x64.ActiveCfg = Debug|x64
		{9BC9DB35-EC91-4C7C-84F3-541849B338E4}.Debug|x64.Build.0 = Debug|x64
		{9BC9DB35-EC91-4C7C-84F3-541849B338E4}.Release|Win32.ActiveCfg = Release|Win32
		{9BC9DB35-EC91-4C7C-84F3-541849B338E4}.Release|Win32.Build.0 = Release|Win32
		{9BC9DB35-EC91-4C7C-84F3-541849B338E4}.Release|x64.ActiveCfg = Release|x64
		{9BC9DB35-EC91-4C7C-84F3-541849B338E4}.Release|x64.Build.0 = Release|x64
		{7F5EAA2F-D76E-4A7E-92F2-C92D585999A4}.Debug|Win32.ActiveCfg = Debug|Win32
		{7F5EAA2F-D76E-4A7E-92F2-C92D585999A4}.Debug|Win32.Build.0 = Debug|Win32
		{7F5EAA2F-D76E-4A7E-92F2-C92D585999A4}.Debug|x64.ActiveCfg = Debug|x64
		{7F5EAA2F-D76E-4A7E-92F2-C92D585999A4}.Debug|x64.Build.0 = Debug|x64
		{7F5EAA2F-D76E-4A7E-92F2-C92D585999A4}.Release|Win32.ActiveCfg = Release|Win32
		{7F5EAA2F-D76E-4A7E-92F2-C92D585999A4}.Release|Win32.Build.0 = Release|Win32
		{7F5EAA2F-D76E-4A7E-92F2-C92D585999A4}.Release|x64.ActiveCfg = Release|x64
		{7F5EAA2F-D76E-4A7E-92F2-C92D585999A4}.Release|x64.Build.0 = Release|x64
		{59119002-8A24-4016-96C0-B50FF85202D7}.Debug|Win32.ActiveCfg = Debug|Win32
		{59119002-8A24-4016-96C0-B50FF85202D7}.Debug|Win32.Build.0 = Debug|Win32
		{59119002-8A24-4016-96C0-B50FF85202D7}.Debug|x64.ActiveCfg = Debug|x64
		{59119002-8A24-4016-96C0-B50FF85202D7}.Debug|x64.Build.0 = Debug|x64
		{59119002-8A24-4016-96C0-B50FF85202D7}.Release|Win32.ActiveCfg = Release|Win32
		{59119002-8A24-4016-96C0-B50FF85202D7}.Release|Win32.Build.0 = Release|Win32
		{59119002-8A24-4016-96C0-B50FF85202D7}.Release|x64.ActiveCfg = Release|x64
		{59119002-8A24-4016-96C0-B50FF85202D7}.Release|x64.Build.0 = Release|x64
		{20F97E31-AEA5-4183-8CB0-F1A512D9ADB6}.Debug|Win32.ActiveCfg = Debug|Win32
		{20F97E31-AEA5-4183-8CB0-F1A512D9ADB6}.Debug|Win32.Build.0 = Debug|Win32
		{20F97E31-AEA5-4183-8CB0-F1A512D9ADB6}.Debug|x64.ActiveCfg = Debug|x64
		{20F97E31-AEA5-4183-8CB0-F1A512D9ADB6}.Debug|x64.Build.0 = Debug|x64
		{20F97E31-AEA5-4183-8CB0-F1A512D9ADB6}.Release|Win32.ActiveCfg = Release|Win32
		{20F97E31-AEA5-4183-8CB0-F1A512D9ADB6}.Release|Win32.Build.0 = Release|Win32
		{20F97E31-AEA5-4183-8CB0-F1A512D9ADB6}.Release|x64.ActiveCfg = Release|x64
		{20F97E31-AEA5-4183-8CB0-F1A512D9ADB6}.Release|x64.Build.0 = Release|x64
		{BA1AFAD6-DF10-41C0-A5BB-2F7BE4871677}.Debug|Win32.ActiveCfg = Debug|Win32
		{BA1AFAD6-DF10-41C0-A5BB-2F7BE4871677}.Debug|Win32.Build.0 = Debug|Win32
		{BA1AFAD6-DF10-41C0-A5BB-2F7BE4871677}.Debug|x64.ActiveCfg = Debug|x64
		{BA1AFAD6-DF10-41C0-A5BB-2F7BE4871677}.Debug|x64.Build.0 = Debug|x64
		{BA1AFAD6-DF10-41C0-A5BB-2F7BE4871677}.Release|Win32.ActiveCfg = Release|Win32
		{BA1AFAD6-DF10-41C0-A5BB-2F7BE4871677}.Release|Win32.Build.0 = Release|Win32
		{BA1AFAD6-DF10-41C0-A5BB-2F7BE4871677}.Release|x64.ActiveCfg = Release|x64
		{BA1AFAD6-DF10-41C0-A5BB-2F7BE4871677}.Release|x64.Build.0 = Release|x64
		{F8C9FC45-B09E-42AE-B46A-FDB1C1223FDA}.Debug|Win32.ActiveCfg = Debug|Win32
		{F8C9FC45-B09E-42AE-B46A-FDB1C1223FDA}.Debug|Win32.Build.0 = Debug|Win32
		{F8C9FC45-B09E-42AE-B46A-FDB1C1223FDA}.Debug|x64.ActiveCfg = Debug|x64
		{F8C9FC45-B09E-42AE-B46A-FDB1C1223FDA}.Debug|x64.Build.0 = Debug|x64
		{F8C9FC45-B09E-42AE-B46A-FDB1C1223FDA}.Release|Win32.ActiveCfg = Release|Win32
		{F8C9FC45-B09E-42AE-B46A-FDB1C1223FDA}.Release|Win32.Build.0 = Release|Win32
		{F8C9FC45-B09E-42AE-B46A-FDB1C1223FDA}.Release|x64.ActiveCfg = Release|x64
		{F8C9FC45-B09E-42AE-B46A-FDB1C1223FDA}.Release|x64.Build.0 = Release|x64
		{5B86E6B2-20D9-4AC5-B0EF-7C071748D01E}.Debug|Win32.ActiveCfg = Debug|Win32
		{5B86E6B2-20D9-4AC5-B0EF-7C071748D01E}.Debug|Win32.Build.0 = Debug|Win32
		{5B86E6B2-20D9-4AC5-B0EF-7C071748D01E}.Debug|x64.ActiveCfg = Debug|x64
		{5B86E6B2-20D9-4AC5-B0EF-7C071748D01E}.Debug|x64.Build.0 = Debug|x64
		{5B86E6B2-20D9-4AC5-B0EF-7C071748D01E}.Release|Win32.ActiveCfg = Release|Win32
		{5B86E6B2-20D9-4AC5-B0EF-7C071748D01E}.Release|Win32.Build.0 = Release|Win32
		{5B86E6B2-20D9-4AC5-B0EF-7C071748D01E}.Release|x64.ActiveCfg = Release|x64
		{5B86E6B2-20D9-4AC5-B0EF-7C071748D01E}.Release|x64.Build.0 = Release|x64
		{38528E7C-329D-4867-9B8C-9F7581C02BEC}.Debug|Win32.ActiveCfg = Debug|Win32
		{38528E7C-329D-4867-9B8C-9F7581C02BEC}.Debug|Win32.Build.0 = Debug|Win32
		{38528E7C-329D-4867-9B8C-9F7581C02BEC}.Debug|x64.ActiveCfg = Debug|x64
		{38528E7C-329D-4867-9B8C-9F7581C02BEC}.Debug|x64.Build.0 = Debug|x64
		{38528E7C-329D-4867-9B8C-9F7581C02BEC}.Release|Win32.ActiveCfg = Release|Win32
		{38528E7C-329D-4867-9B8C-9F7581C02BEC}.Release|Win32.Build.0 = Release|Win32
		{38528E7C-329D-4867-9B8C-9F7581C02BEC}.Release|x64.ActiveCfg = Release|x64
		{38528E7C-329D-4867-9B8C-9F7581C02BEC}.Release|x64.Build.0 = Release|x64
	EndGlobalSection
	GlobalSection(SolutionProperties) = preSolution
		HideSolutionNode = FALSE
	EndGlobalSection
	GlobalSection(NestedProjects) = preSolution
		{A64F23D8-8208-4E27-B5AA-8669CCC845AC} = {6249C6D2-997C-4538-8B88-3DDACCE88137}
		{52249856-D4B7-416B-BDEC-727F90BBB1C5} = {51A8D390-FA47-427C-BF5C-BCC071671D0D}
		{EF92F74B-B926-4B7E-B521-E821AFA14EB3} = {51A8D390-FA47-427C-BF5C-BCC071671D0D}
		{07A48B23-6A56-4A7D-8D02-E0F2F94A01EC} = {0716F1FA-C923-4F22-A12B-1411D73B5BFD}
		{D4B02EA3-83AD-48CF-971D-3D023427495E} = {B78B6068-CD39-4FE9-A036-EB931DFD13C7}
		{B2F297F8-8CF8-4D07-8D11-054B8CE43230} = {B78B6068-CD39-4FE9-A036-EB931DFD13C7}
		{9F4C028A-D213-4116-9AF1-CFD877EFF65E} = {B78B6068-CD39-4FE9-A036-EB931DFD13C7}
		{4BA6499C-DCBB-44A2-9A9F-58F70859B74E} = {B78B6068-CD39-4FE9-A036-EB931DFD13C7}
		{E2D88542-0CE5-4EEB-B60F-94E03642C965} = {B78B6068-CD39-4FE9-A036-EB931DFD13C7}
		{8BADDE9F-F2E0-4098-B349-370205DF6AA1} = {51A8D390-FA47-427C-BF5C-BCC071671D0D}
		{8AE67083-C5A2-46B9-A623-39DAB5DCF289} = {B78B6068-CD39-4FE9-A036-EB931DFD13C7}
		{D3690697-EC97-457E-8E64-BF2344C4620A} = {B78B6068-CD39-4FE9-A036-EB931DFD13C7}
		{B25FC5EA-A981-41CE-979A-4076151333F4} = {6249C6D2-997C-4538-8B88-3DDACCE88137}
		{4210AE31-7278-491B-9722-680AB2FD9F98} = {6249C6D2-997C-4538-8B88-3DDACCE88137}
		{72D80475-1AEF-4D44-9E89-68E636A9DBD5} = {6249C6D2-997C-4538-8B88-3DDACCE88137}
		{8C7725F9-3372-4678-88E9-88ECFE3D692A} = {6249C6D2-997C-4538-8B88-3DDACCE88137}
		{63B4A137-1261-4EC9-A19F-DB2552345C24} = {6249C6D2-997C-4538-8B88-3DDACCE88137}
		{117A99B3-E8BA-418A-B574-C0D1E2006636} = {6249C6D2-997C-4538-8B88-3DDACCE88137}
		{CAF159A0-F5CA-4356-BD76-1356C9AC8D7A} = {6249C6D2-997C-4538-8B88-3DDACCE88137}
		{B82733FC-C472-4EAE-AF6B-C83CA6DEB2C2} = {6249C6D2-997C-4538-8B88-3DDACCE88137}
		{0F68D117-F0ED-4DA3-8928-D44DC47A3841} = {6249C6D2-997C-4538-8B88-3DDACCE88137}
		{F70CEF9F-1DBC-4C18-8EEC-86E9B128C757} = {51A8D390-FA47-427C-BF5C-BCC071671D0D}
		{3DA1A643-C8B3-49B1-B33B-1DE6B257CC2A} = {0716F1FA-C923-4F22-A12B-1411D73B5BFD}
		{14B99900-04F9-4570-B7D6-5CAE46A288B9} = {B78B6068-CD39-4FE9-A036-EB931DFD13C7}
		{AC286B36-88EF-43F4-B8B5-550A47BE1CE2} = {51A8D390-FA47-427C-BF5C-BCC071671D0D}
		{7C170092-2626-48AB-86D6-3DEFA4DFC6EF} = {B78B6068-CD39-4FE9-A036-EB931DFD13C7}
		{15C31104-F44B-4EF7-92CB-E06BE3732AC3} = {0716F1FA-C923-4F22-A12B-1411D73B5BFD}
		{4FE02CD4-8BD9-40CF-BA56-A9A720C8558D} = {B78B6068-CD39-4FE9-A036-EB931DFD13C7}
		{CF5933EA-A9E3-4A90-B22A-6CAD9B7E79D9} = {B78B6068-CD39-4FE9-A036-EB931DFD13C7}
		{1D979487-DDC8-46B1-AD91-91A7E0A1B2ED} = {51A8D390-FA47-427C-BF5C-BCC071671D0D}
		{2D06C9B5-70F5-4BCE-9A2E-E5858AB5B273} = {6249C6D2-997C-4538-8B88-3DDACCE88137}
		{1DC5EF4B-3F28-424A-A33A-CFD85554B7EE} = {6249C6D2-997C-4538-8B88-3DDACCE88137}
		{D12A0BFA-DF3B-4B8E-A210-D64448F9FA34} = {51A8D390-FA47-427C-BF5C-BCC071671D0D}
		{373E5823-D050-4CE5-899C-4C74A93D4A68} = {51A8D390-FA47-427C-BF5C-BCC071671D0D}
		{800921E2-60B5-4A81-834A-B398EC76CC31} = {6249C6D2-997C-4538-8B88-3DDACCE88137}
		{60B79504-D5C1-4E16-82CD-EEE00684F5AF} = {0716F1FA-C923-4F22-A12B-1411D73B5BFD}
		{2A7F2789-7C71-45DD-B906-7B17A3360D10} = {6249C6D2-997C-4538-8B88-3DDACCE88137}
		{F7F8CDB9-6636-4D4F-B09E-261CA4E2DDE6} = {B78B6068-CD39-4FE9-A036-EB931DFD13C7}
		{777251BF-F16F-4FAC-8BAE-E32F9CFE937E} = {B78B6068-CD39-4FE9-A036-EB931DFD13C7}
		{5C3F6CE4-3BB0-4E7A-8246-4D41EBF9C186} = {B78B6068-CD39-4FE9-A036-EB931DFD13C7}
		{C68E03D3-2796-44C4-AC9A-666609B47395} = {6249C6D2-997C-4538-8B88-3DDACCE88137}
		{0C3EDC93-6590-4748-B11F-9B76BC97589E} = {51A8D390-FA47-427C-BF5C-BCC071671D0D}
		{CEEB5A3E-512F-4D76-88F9-1A9B3951D40E} = {51A8D390-FA47-427C-BF5C-BCC071671D0D}
		{81C070FE-7316-40B0-BB32-B7D7253C5051} = {6249C6D2-997C-4538-8B88-3DDACCE88137}
		{30919C98-388A-4702-B2FF-786C0D1E67EA} = {0716F1FA-C923-4F22-A12B-1411D73B5BFD}
		{75841F8F-7013-4AA0-965A-0E58B8F16EC2} = {6249C6D2-997C-4538-8B88-3DDACCE88137}
		{090C02D5-3B21-45FF-B642-5A515A214DC8} = {51A8D390-FA47-427C-BF5C-BCC071671D0D}
		{51B03D95-E8DC-4CCA-A77E-8B65315D98FE} = {B78B6068-CD39-4FE9-A036-EB931DFD13C7}
		{C5358412-9E10-46AA-BC5E-D3BC41B98E54} = {6249C6D2-997C-4538-8B88-3DDACCE88137}
		{6DE1D320-078E-47F2-95AA-E0C37677596B} = {6249C6D2-997C-4538-8B88-3DDACCE88137}
		{82EC2B0B-5E9C-4213-89C9-1F5E1A032834} = {6249C6D2-997C-4538-8B88-3DDACCE88137}
		{347F1B11-0E9D-4571-BD38-B59D4D022FB5} = {51A8D390-FA47-427C-BF5C-BCC071671D0D}
		{76A944AB-7616-4D0B-BEA9-17796B3EA7AA} = {0716F1FA-C923-4F22-A12B-1411D73B5BFD}
		{960547D2-DBEA-4EDB-90FA-8FA103432212} = {6249C6D2-997C-4538-8B88-3DDACCE88137}
		{95245E68-AA1F-4F92-9FAB-543F8158A5A3} = {51A8D390-FA47-427C-BF5C-BCC071671D0D}
		{B08E27E0-F222-428C-B097-B6B948535BDD} = {51A8D390-FA47-427C-BF5C-BCC071671D0D}
		{581DCEF5-954C-4EF2-A9A1-4B6A887F4D0F} = {6249C6D2-997C-4538-8B88-3DDACCE88137}
		{7F8B2A83-7C63-4951-B8C5-C5A089B32359} = {51A8D390-FA47-427C-BF5C-BCC071671D0D}
		{480F6E50-A6F4-43B2-8138-74BB48C21620} = {6249C6D2-997C-4538-8B88-3DDACCE88137}
		{0D419F8E-9F43-4D75-901C-249D8AE769BA} = {0716F1FA-C923-4F22-A12B-1411D73B5BFD}
		{22DF4A9D-A7C6-425C-A5C3-05ECA1B18038} = {B78B6068-CD39-4FE9-A036-EB931DFD13C7}
		{225BA9A8-53F0-47FC-B88B-F126DB70CE1D} = {0716F1FA-C923-4F22-A12B-1411D73B5BFD}
		{3C253C08-41C6-416F-A482-785820A835AB} = {B78B6068-CD39-4FE9-A036-EB931DFD13C7}
		{CB7927DA-5B00-46BB-8C30-842F0C48D45B} = {6249C6D2-997C-4538-8B88-3DDACCE88137}
		{9FBE71B6-ED7B-4799-9A94-39D1B0AB6ADB} = {51A8D390-FA47-427C-BF5C-BCC071671D0D}
		{D8C8BE34-02EB-4E50-A1C8-BEC8248F68BF} = {6249C6D2-997C-4538-8B88-3DDACCE88137}
		{A77CC538-0F2D-4399-AA27-294156C3ACDF} = {6249C6D2-997C-4538-8B88-3DDACCE88137}
		{B7E5B830-E44A-468F-8C35-2C979DCC10DC} = {B78B6068-CD39-4FE9-A036-EB931DFD13C7}
		{966D7B95-84A7-47C9-BA71-BDBD156E3562} = {B78B6068-CD39-4FE9-A036-EB931DFD13C7}
		{26A13A27-C8EA-4622-AFBD-15CBE0A2AEB6} = {B78B6068-CD39-4FE9-A036-EB931DFD13C7}
		{FA2BC2DD-8CB0-4361-BC76-2C5E904E0AE9} = {B78B6068-CD39-4FE9-A036-EB931DFD13C7}
		{B1FB3AF2-3335-4FFE-9C5E-F86E258D9500} = {B78B6068-CD39-4FE9-A036-EB931DFD13C7}
		{373FAD8E-9AD1-49D6-A79A-4761AD7B1880} = {B78B6068-CD39-4FE9-A036-EB931DFD13C7}
		{0D4D19F4-3DB2-4CAC-95EA-3447B5F9C761} = {B78B6068-CD39-4FE9-A036-EB931DFD13C7}
		{8AECC731-272E-4C01-B887-70D0A6253FFC} = {6249C6D2-997C-4538-8B88-3DDACCE88137}
		{C2F5A28D-2C66-466E-AEBF-B1DE766FC0C6} = {6249C6D2-997C-4538-8B88-3DDACCE88137}
		{E4FA3316-6627-4D31-AAB8-3C038DFE5095} = {B78B6068-CD39-4FE9-A036-EB931DFD13C7}
		{D4E803E4-0D98-4B52-9F0F-D56EAF57F455} = {B78B6068-CD39-4FE9-A036-EB931DFD13C7}
		{569A5CDC-4448-4D18-8912-69956D29AEF7} = {6249C6D2-997C-4538-8B88-3DDACCE88137}
		{C3EC2644-1C6A-4E23-B33A-C93669C9AD02} = {B78B6068-CD39-4FE9-A036-EB931DFD13C7}
		{8FED1625-4277-4457-BE61-267F324CF018} = {51A8D390-FA47-427C-BF5C-BCC071671D0D}
		{553DD432-E9F5-4C8E-95A3-08F95435641D} = {6249C6D2-997C-4538-8B88-3DDACCE88137}
		{BC0E12B5-4DEE-4E2A-802B-69E19D43AAF3} = {51A8D390-FA47-427C-BF5C-BCC071671D0D}
		{8C33E97E-E730-4523-9775-5390F8CCB7FB} = {51A8D390-FA47-427C-BF5C-BCC071671D0D}
		{1D171F83-7B5A-4674-A252-098FD3D4B359} = {6249C6D2-997C-4538-8B88-3DDACCE88137}
		{891044F4-E852-46E9-81BC-005C46FB5A55} = {6249C6D2-997C-4538-8B88-3DDACCE88137}
		{6C17BBA7-727C-423E-AC5D-0652A65AE5D0} = {6249C6D2-997C-4538-8B88-3DDACCE88137}
		{9BC9DB35-EC91-4C7C-84F3-541849B338E4} = {51A8D390-FA47-427C-BF5C-BCC071671D0D}
		{7F5EAA2F-D76E-4A7E-92F2-C92D585999A4} = {6249C6D2-997C-4538-8B88-3DDACCE88137}
		{59119002-8A24-4016-96C0-B50FF85202D7} = {6249C6D2-997C-4538-8B88-3DDACCE88137}
		{20F97E31-AEA5-4183-8CB0-F1A512D9ADB6} = {0716F1FA-C923-4F22-A12B-1411D73B5BFD}
		{BA1AFAD6-DF10-41C0-A5BB-2F7BE4871677} = {51A8D390-FA47-427C-BF5C-BCC071671D0D}
		{F8C9FC45-B09E-42AE-B46A-FDB1C1223FDA} = {51A8D390-FA47-427C-BF5C-BCC071671D0D}
		{5B86E6B2-20D9-4AC5-B0EF-7C071748D01E} = {6249C6D2-997C-4538-8B88-3DDACCE88137}
		{38528E7C-329D-4867-9B8C-9F7581C02BEC} = {B78B6068-CD39-4FE9-A036-EB931DFD13C7}
	EndGlobalSection
EndGlobal
