
Microsoft Visual Studio Solution File, Format Version 12.00
# Visual Studio 2013
VisualStudioVersion = 12.0.21005.1
MinimumVisualStudioVersion = 10.0.40219.1
Project("{8BC9CEB8-8B4A-11D0-8D11-00A0C91BC942}") = "2557_HelloWorld", "2557_HelloWorld\2557_HelloWorld.vcxproj", "{A64F23D8-8208-4E27-B5AA-8669CCC845AC}"
EndProject
Project("{8BC9CEB8-8B4A-11D0-8D11-00A0C91BC942}") = "1000_A+B", "1000_A+B\1000_A+B.vcxproj", "{52249856-D4B7-416B-BDEC-727F90BBB1C5}"
EndProject
Project("{8BC9CEB8-8B4A-11D0-8D11-00A0C91BC942}") = "1001_A-B", "1001_A-B\1001_A-B.vcxproj", "{EF92F74B-B926-4B7E-B521-E821AFA14EB3}"
EndProject
Project("{8BC9CEB8-8B4A-11D0-8D11-00A0C91BC942}") = "7287_registration", "7287_registration\7287_registration.vcxproj", "{07A48B23-6A56-4A7D-8D02-E0F2F94A01EC}"
EndProject
Project("{8BC9CEB8-8B4A-11D0-8D11-00A0C91BC942}") = "10172_dog", "10172_dog\10172_dog.vcxproj", "{D4B02EA3-83AD-48CF-971D-3D023427495E}"
EndProject
Project("{8BC9CEB8-8B4A-11D0-8D11-00A0C91BC942}") = "10718_WeLoveKriii", "10718_WeLoveKriii\10718_WeLoveKriii.vcxproj", "{B2F297F8-8CF8-4D07-8D11-054B8CE43230}"
EndProject
Project("{8BC9CEB8-8B4A-11D0-8D11-00A0C91BC942}") = "11718_inputPrint_I", "11718_inputPrint_I\11718_inputPrint_I.vcxproj", "{9F4C028A-D213-4116-9AF1-CFD877EFF65E}"
EndProject
Project("{8BC9CEB8-8B4A-11D0-8D11-00A0C91BC942}") = "11719_inputPrint_II", "11719_inputPrint_II\11719_inputPrint_II.vcxproj", "{4BA6499C-DCBB-44A2-9A9F-58F70859B74E}"
EndProject
Project("{8BC9CEB8-8B4A-11D0-8D11-00A0C91BC942}") = "10998_AmulB", "10998_AmulB\10998_AmulB.vcxproj", "{E2D88542-0CE5-4EEB-B60F-94E03642C965}"
EndProject
Project("{8BC9CEB8-8B4A-11D0-8D11-00A0C91BC942}") = "1008_AdivB", "1008_AdivB\1008_AdivB.vcxproj", "{8BADDE9F-F2E0-4098-B349-370205DF6AA1}"
EndProject
Project("{8BC9CEB8-8B4A-11D0-8D11-00A0C91BC942}") = "10869_calc", "10869_calc\10869_calc.vcxproj", "{8AE67083-C5A2-46B9-A623-39DAB5DCF289}"
EndProject
Project("{8BC9CEB8-8B4A-11D0-8D11-00A0C91BC942}") = "10430_mod", "10430_mod\10430_mod.vcxproj", "{D3690697-EC97-457E-8E64-BF2344C4620A}"
EndProject
Project("{8BC9CEB8-8B4A-11D0-8D11-00A0C91BC942}") = "2558_A+B-2", "2558_A+B-2\2558_A+B-2.vcxproj", "{B25FC5EA-A981-41CE-979A-4076151333F4}"
EndProject
Project("{8BC9CEB8-8B4A-11D0-8D11-00A0C91BC942}") = "2839_sugar", "2839_sugar\2839_sugar.vcxproj", "{4210AE31-7278-491B-9722-680AB2FD9F98}"
EndProject
Project("{8BC9CEB8-8B4A-11D0-8D11-00A0C91BC942}") = "2741_printN", "2741_printN\2741_printN.vcxproj", "{72D80475-1AEF-4D44-9E89-68E636A9DBD5}"
EndProject
Global
	GlobalSection(SolutionConfigurationPlatforms) = preSolution
		Debug|Win32 = Debug|Win32
		Release|Win32 = Release|Win32
	EndGlobalSection
	GlobalSection(ProjectConfigurationPlatforms) = postSolution
		{A64F23D8-8208-4E27-B5AA-8669CCC845AC}.Debug|Win32.ActiveCfg = Debug|Win32
		{A64F23D8-8208-4E27-B5AA-8669CCC845AC}.Debug|Win32.Build.0 = Debug|Win32
		{A64F23D8-8208-4E27-B5AA-8669CCC845AC}.Release|Win32.ActiveCfg = Release|Win32
		{A64F23D8-8208-4E27-B5AA-8669CCC845AC}.Release|Win32.Build.0 = Release|Win32
		{52249856-D4B7-416B-BDEC-727F90BBB1C5}.Debug|Win32.ActiveCfg = Debug|Win32
		{52249856-D4B7-416B-BDEC-727F90BBB1C5}.Debug|Win32.Build.0 = Debug|Win32
		{52249856-D4B7-416B-BDEC-727F90BBB1C5}.Release|Win32.ActiveCfg = Release|Win32
		{52249856-D4B7-416B-BDEC-727F90BBB1C5}.Release|Win32.Build.0 = Release|Win32
		{EF92F74B-B926-4B7E-B521-E821AFA14EB3}.Debug|Win32.ActiveCfg = Debug|Win32
		{EF92F74B-B926-4B7E-B521-E821AFA14EB3}.Debug|Win32.Build.0 = Debug|Win32
		{EF92F74B-B926-4B7E-B521-E821AFA14EB3}.Release|Win32.ActiveCfg = Release|Win32
		{EF92F74B-B926-4B7E-B521-E821AFA14EB3}.Release|Win32.Build.0 = Release|Win32
		{07A48B23-6A56-4A7D-8D02-E0F2F94A01EC}.Debug|Win32.ActiveCfg = Debug|Win32
		{07A48B23-6A56-4A7D-8D02-E0F2F94A01EC}.Debug|Win32.Build.0 = Debug|Win32
		{07A48B23-6A56-4A7D-8D02-E0F2F94A01EC}.Release|Win32.ActiveCfg = Release|Win32
		{07A48B23-6A56-4A7D-8D02-E0F2F94A01EC}.Release|Win32.Build.0 = Release|Win32
		{D4B02EA3-83AD-48CF-971D-3D023427495E}.Debug|Win32.ActiveCfg = Debug|Win32
		{D4B02EA3-83AD-48CF-971D-3D023427495E}.Debug|Win32.Build.0 = Debug|Win32
		{D4B02EA3-83AD-48CF-971D-3D023427495E}.Release|Win32.ActiveCfg = Release|Win32
		{D4B02EA3-83AD-48CF-971D-3D023427495E}.Release|Win32.Build.0 = Release|Win32
		{B2F297F8-8CF8-4D07-8D11-054B8CE43230}.Debug|Win32.ActiveCfg = Debug|Win32
		{B2F297F8-8CF8-4D07-8D11-054B8CE43230}.Debug|Win32.Build.0 = Debug|Win32
		{B2F297F8-8CF8-4D07-8D11-054B8CE43230}.Release|Win32.ActiveCfg = Release|Win32
		{B2F297F8-8CF8-4D07-8D11-054B8CE43230}.Release|Win32.Build.0 = Release|Win32
		{9F4C028A-D213-4116-9AF1-CFD877EFF65E}.Debug|Win32.ActiveCfg = Debug|Win32
		{9F4C028A-D213-4116-9AF1-CFD877EFF65E}.Debug|Win32.Build.0 = Debug|Win32
		{9F4C028A-D213-4116-9AF1-CFD877EFF65E}.Release|Win32.ActiveCfg = Release|Win32
		{9F4C028A-D213-4116-9AF1-CFD877EFF65E}.Release|Win32.Build.0 = Release|Win32
		{4BA6499C-DCBB-44A2-9A9F-58F70859B74E}.Debug|Win32.ActiveCfg = Debug|Win32
		{4BA6499C-DCBB-44A2-9A9F-58F70859B74E}.Debug|Win32.Build.0 = Debug|Win32
		{4BA6499C-DCBB-44A2-9A9F-58F70859B74E}.Release|Win32.ActiveCfg = Release|Win32
		{4BA6499C-DCBB-44A2-9A9F-58F70859B74E}.Release|Win32.Build.0 = Release|Win32
		{E2D88542-0CE5-4EEB-B60F-94E03642C965}.Debug|Win32.ActiveCfg = Debug|Win32
		{E2D88542-0CE5-4EEB-B60F-94E03642C965}.Debug|Win32.Build.0 = Debug|Win32
		{E2D88542-0CE5-4EEB-B60F-94E03642C965}.Release|Win32.ActiveCfg = Release|Win32
		{E2D88542-0CE5-4EEB-B60F-94E03642C965}.Release|Win32.Build.0 = Release|Win32
		{8BADDE9F-F2E0-4098-B349-370205DF6AA1}.Debug|Win32.ActiveCfg = Debug|Win32
		{8BADDE9F-F2E0-4098-B349-370205DF6AA1}.Debug|Win32.Build.0 = Debug|Win32
		{8BADDE9F-F2E0-4098-B349-370205DF6AA1}.Release|Win32.ActiveCfg = Release|Win32
		{8BADDE9F-F2E0-4098-B349-370205DF6AA1}.Release|Win32.Build.0 = Release|Win32
		{8AE67083-C5A2-46B9-A623-39DAB5DCF289}.Debug|Win32.ActiveCfg = Debug|Win32
		{8AE67083-C5A2-46B9-A623-39DAB5DCF289}.Debug|Win32.Build.0 = Debug|Win32
		{8AE67083-C5A2-46B9-A623-39DAB5DCF289}.Release|Win32.ActiveCfg = Release|Win32
		{8AE67083-C5A2-46B9-A623-39DAB5DCF289}.Release|Win32.Build.0 = Release|Win32
		{D3690697-EC97-457E-8E64-BF2344C4620A}.Debug|Win32.ActiveCfg = Debug|Win32
		{D3690697-EC97-457E-8E64-BF2344C4620A}.Debug|Win32.Build.0 = Debug|Win32
		{D3690697-EC97-457E-8E64-BF2344C4620A}.Release|Win32.ActiveCfg = Release|Win32
		{D3690697-EC97-457E-8E64-BF2344C4620A}.Release|Win32.Build.0 = Release|Win32
		{B25FC5EA-A981-41CE-979A-4076151333F4}.Debug|Win32.ActiveCfg = Debug|Win32
		{B25FC5EA-A981-41CE-979A-4076151333F4}.Debug|Win32.Build.0 = Debug|Win32
		{B25FC5EA-A981-41CE-979A-4076151333F4}.Release|Win32.ActiveCfg = Release|Win32
		{B25FC5EA-A981-41CE-979A-4076151333F4}.Release|Win32.Build.0 = Release|Win32
		{4210AE31-7278-491B-9722-680AB2FD9F98}.Debug|Win32.ActiveCfg = Debug|Win32
		{4210AE31-7278-491B-9722-680AB2FD9F98}.Debug|Win32.Build.0 = Debug|Win32
		{4210AE31-7278-491B-9722-680AB2FD9F98}.Release|Win32.ActiveCfg = Release|Win32
		{4210AE31-7278-491B-9722-680AB2FD9F98}.Release|Win32.Build.0 = Release|Win32
		{72D80475-1AEF-4D44-9E89-68E636A9DBD5}.Debug|Win32.ActiveCfg = Debug|Win32
		{72D80475-1AEF-4D44-9E89-68E636A9DBD5}.Debug|Win32.Build.0 = Debug|Win32
		{72D80475-1AEF-4D44-9E89-68E636A9DBD5}.Release|Win32.ActiveCfg = Release|Win32
		{72D80475-1AEF-4D44-9E89-68E636A9DBD5}.Release|Win32.Build.0 = Release|Win32
	EndGlobalSection
	GlobalSection(SolutionProperties) = preSolution
		HideSolutionNode = FALSE
	EndGlobalSection
EndGlobal
